
Microsoft Visual Studio Solution File, Format Version 12.00
# Visual Studio 15
VisualStudioVersion = 15.0.27703.2035
MinimumVisualStudioVersion = 10.0.40219.1
Project("{FAE04EC0-301F-11D3-BF4B-00C04F79EFBC}") = "8-1-1", "8-1-\8-1-1.csproj", "{114498AF-95DA-4E28-8AB7-5ECFD674EFE3}"
EndProject
Project("{FAE04EC0-301F-11D3-BF4B-00C04F79EFBC}") = "8-1-2", "8-1-2\8-1-2.csproj", "{BAA3FFF4-7CD1-441F-89D1-5A114BF8A206}"
EndProject
Project("{FAE04EC0-301F-11D3-BF4B-00C04F79EFBC}") = "8-1-3", "8-1-3\8-1-3.csproj", "{E9CDA5A6-C031-4E9B-BBDA-F3204FEDBACA}"
EndProject
Project("{FAE04EC0-301F-11D3-BF4B-00C04F79EFBC}") = "8-1-4", "8-1-4\8-1-4.csproj", "{DE6E8A04-5643-4817-A58D-11698B6ADC34}"
EndProject
Project("{FAE04EC0-301F-11D3-BF4B-00C04F79EFBC}") = "8-1-5", "8-1-5\8-1-5.csproj", "{7FABFCF2-3E72-4C92-AE76-7010F540AF12}"
EndProject
Project("{FAE04EC0-301F-11D3-BF4B-00C04F79EFBC}") = "8-1-6", "8-1-6\8-1-6.csproj", "{010F6A27-6E6C-4870-BA72-B70E6668D455}"
EndProject
Project("{FAE04EC0-301F-11D3-BF4B-00C04F79EFBC}") = "8-1-7", "8-1-7\8-1-7.csproj", "{A834E4B1-7F83-4F56-8EC7-309FA6A28C01}"
EndProject
Project("{FAE04EC0-301F-11D3-BF4B-00C04F79EFBC}") = "8-1-8", "8-1-8\8-1-8.csproj", "{8810481C-F7DD-464C-84E1-FDF6923639EA}"
EndProject
Project("{FAE04EC0-301F-11D3-BF4B-00C04F79EFBC}") = "8-1-9", "8-1-9\8-1-9.csproj", "{AFBF7B22-4201-4638-9966-8885541FF1C0}"
EndProject
Project("{FAE04EC0-301F-11D3-BF4B-00C04F79EFBC}") = "8-1-10", "8-1-10\8-1-10.csproj", "{B5C90F79-2B85-4D58-908C-C9F32F416870}"
EndProject
Project("{FAE04EC0-301F-11D3-BF4B-00C04F79EFBC}") = "8-1-11", "8-1-11\8-1-11.csproj", "{6B3A3A1D-5FE2-4F30-ACC4-195BF58D4863}"
EndProject
Project("{FAE04EC0-301F-11D3-BF4B-00C04F79EFBC}") = "8-1-12", "8-1-12\8-1-12.csproj", "{6A8A2CE0-88C2-4CAB-BF21-B42182F1208A}"
EndProject
Project("{FAE04EC0-301F-11D3-BF4B-00C04F79EFBC}") = "test", "test\test.csproj", "{76DD9829-AE8B-4979-8B11-6BCB8A430CBD}"
EndProject
Global
	GlobalSection(SolutionConfigurationPlatforms) = preSolution
		Debug|Any CPU = Debug|Any CPU
		Release|Any CPU = Release|Any CPU
	EndGlobalSection
	GlobalSection(ProjectConfigurationPlatforms) = postSolution
		{114498AF-95DA-4E28-8AB7-5ECFD674EFE3}.Debug|Any CPU.ActiveCfg = Debug|Any CPU
		{114498AF-95DA-4E28-8AB7-5ECFD674EFE3}.Debug|Any CPU.Build.0 = Debug|Any CPU
		{114498AF-95DA-4E28-8AB7-5ECFD674EFE3}.Release|Any CPU.ActiveCfg = Release|Any CPU
		{114498AF-95DA-4E28-8AB7-5ECFD674EFE3}.Release|Any CPU.Build.0 = Release|Any CPU
		{BAA3FFF4-7CD1-441F-89D1-5A114BF8A206}.Debug|Any CPU.ActiveCfg = Debug|Any CPU
		{BAA3FFF4-7CD1-441F-89D1-5A114BF8A206}.Debug|Any CPU.Build.0 = Debug|Any CPU
		{BAA3FFF4-7CD1-441F-89D1-5A114BF8A206}.Release|Any CPU.ActiveCfg = Release|Any CPU
		{BAA3FFF4-7CD1-441F-89D1-5A114BF8A206}.Release|Any CPU.Build.0 = Release|Any CPU
		{E9CDA5A6-C031-4E9B-BBDA-F3204FEDBACA}.Debug|Any CPU.ActiveCfg = Debug|Any CPU
		{E9CDA5A6-C031-4E9B-BBDA-F3204FEDBACA}.Debug|Any CPU.Build.0 = Debug|Any CPU
		{E9CDA5A6-C031-4E9B-BBDA-F3204FEDBACA}.Release|Any CPU.ActiveCfg = Release|Any CPU
		{E9CDA5A6-C031-4E9B-BBDA-F3204FEDBACA}.Release|Any CPU.Build.0 = Release|Any CPU
		{DE6E8A04-5643-4817-A58D-11698B6ADC34}.Debug|Any CPU.ActiveCfg = Debug|Any CPU
		{DE6E8A04-5643-4817-A58D-11698B6ADC34}.Debug|Any CPU.Build.0 = Debug|Any CPU
		{DE6E8A04-5643-4817-A58D-11698B6ADC34}.Release|Any CPU.ActiveCfg = Release|Any CPU
		{DE6E8A04-5643-4817-A58D-11698B6ADC34}.Release|Any CPU.Build.0 = Release|Any CPU
		{7FABFCF2-3E72-4C92-AE76-7010F540AF12}.Debug|Any CPU.ActiveCfg = Debug|Any CPU
		{7FABFCF2-3E72-4C92-AE76-7010F540AF12}.Debug|Any CPU.Build.0 = Debug|Any CPU
		{7FABFCF2-3E72-4C92-AE76-7010F540AF12}.Release|Any CPU.ActiveCfg = Release|Any CPU
		{7FABFCF2-3E72-4C92-AE76-7010F540AF12}.Release|Any CPU.Build.0 = Release|Any CPU
		{010F6A27-6E6C-4870-BA72-B70E6668D455}.Debug|Any CPU.ActiveCfg = Debug|Any CPU
		{010F6A27-6E6C-4870-BA72-B70E6668D455}.Debug|Any CPU.Build.0 = Debug|Any CPU
		{010F6A27-6E6C-4870-BA72-B70E6668D455}.Release|Any CPU.ActiveCfg = Release|Any CPU
		{010F6A27-6E6C-4870-BA72-B70E6668D455}.Release|Any CPU.Build.0 = Release|Any CPU
		{A834E4B1-7F83-4F56-8EC7-309FA6A28C01}.Debug|Any CPU.ActiveCfg = Debug|Any CPU
		{A834E4B1-7F83-4F56-8EC7-309FA6A28C01}.Debug|Any CPU.Build.0 = Debug|Any CPU
		{A834E4B1-7F83-4F56-8EC7-309FA6A28C01}.Release|Any CPU.ActiveCfg = Release|Any CPU
		{A834E4B1-7F83-4F56-8EC7-309FA6A28C01}.Release|Any CPU.Build.0 = Release|Any CPU
		{8810481C-F7DD-464C-84E1-FDF6923639EA}.Debug|Any CPU.ActiveCfg = Debug|Any CPU
		{8810481C-F7DD-464C-84E1-FDF6923639EA}.Debug|Any CPU.Build.0 = Debug|Any CPU
		{8810481C-F7DD-464C-84E1-FDF6923639EA}.Release|Any CPU.ActiveCfg = Release|Any CPU
		{8810481C-F7DD-464C-84E1-FDF6923639EA}.Release|Any CPU.Build.0 = Release|Any CPU
		{AFBF7B22-4201-4638-9966-8885541FF1C0}.Debug|Any CPU.ActiveCfg = Debug|Any CPU
		{AFBF7B22-4201-4638-9966-8885541FF1C0}.Debug|Any CPU.Build.0 = Debug|Any CPU
		{AFBF7B22-4201-4638-9966-8885541FF1C0}.Release|Any CPU.ActiveCfg = Release|Any CPU
		{AFBF7B22-4201-4638-9966-8885541FF1C0}.Release|Any CPU.Build.0 = Release|Any CPU
		{B5C90F79-2B85-4D58-908C-C9F32F416870}.Debug|Any CPU.ActiveCfg = Debug|Any CPU
		{B5C90F79-2B85-4D58-908C-C9F32F416870}.Debug|Any CPU.Build.0 = Debug|Any CPU
		{B5C90F79-2B85-4D58-908C-C9F32F416870}.Release|Any CPU.ActiveCfg = Release|Any CPU
		{B5C90F79-2B85-4D58-908C-C9F32F416870}.Release|Any CPU.Build.0 = Release|Any CPU
		{6B3A3A1D-5FE2-4F30-ACC4-195BF58D4863}.Debug|Any CPU.ActiveCfg = Debug|Any CPU
		{6B3A3A1D-5FE2-4F30-ACC4-195BF58D4863}.Debug|Any CPU.Build.0 = Debug|Any CPU
		{6B3A3A1D-5FE2-4F30-ACC4-195BF58D4863}.Release|Any CPU.ActiveCfg = Release|Any CPU
		{6B3A3A1D-5FE2-4F30-ACC4-195BF58D4863}.Release|Any CPU.Build.0 = Release|Any CPU
		{6A8A2CE0-88C2-4CAB-BF21-B42182F1208A}.Debug|Any CPU.ActiveCfg = Debug|Any CPU
		{6A8A2CE0-88C2-4CAB-BF21-B42182F1208A}.Debug|Any CPU.Build.0 = Debug|Any CPU
		{6A8A2CE0-88C2-4CAB-BF21-B42182F1208A}.Release|Any CPU.ActiveCfg = Release|Any CPU
		{6A8A2CE0-88C2-4CAB-BF21-B42182F1208A}.Release|Any CPU.Build.0 = Release|Any CPU
		{76DD9829-AE8B-4979-8B11-6BCB8A430CBD}.Debug|Any CPU.ActiveCfg = Debug|Any CPU
		{76DD9829-AE8B-4979-8B11-6BCB8A430CBD}.Debug|Any CPU.Build.0 = Debug|Any CPU
		{76DD9829-AE8B-4979-8B11-6BCB8A430CBD}.Release|Any CPU.ActiveCfg = Release|Any CPU
		{76DD9829-AE8B-4979-8B11-6BCB8A430CBD}.Release|Any CPU.Build.0 = Release|Any CPU
	EndGlobalSection
	GlobalSection(SolutionProperties) = preSolution
		HideSolutionNode = FALSE
	EndGlobalSection
	GlobalSection(ExtensibilityGlobals) = postSolution
		SolutionGuid = {2EE3246D-7EAF-4AFD-B139-639091378402}
	EndGlobalSection
EndGlobal
