
Microsoft Visual Studio Solution File, Format Version 12.00
# Visual Studio 15
VisualStudioVersion = 15.0.27703.2035
MinimumVisualStudioVersion = 10.0.40219.1
Project("{FAE04EC0-301F-11D3-BF4B-00C04F79EFBC}") = "7-1-1", "7-1-\7-1-1.csproj", "{7FF888D7-24E9-41B9-8553-E0F2CE6CB837}"
EndProject
Project("{FAE04EC0-301F-11D3-BF4B-00C04F79EFBC}") = "7-1-2", "7-1-2\7-1-2.csproj", "{929DDC93-B531-4856-A849-E2D14CBA7B45}"
EndProject
Project("{FAE04EC0-301F-11D3-BF4B-00C04F79EFBC}") = "7-1-3", "7-1-3\7-1-3.csproj", "{C55F2299-5A9E-49AF-A5F5-D20756921401}"
EndProject
Project("{FAE04EC0-301F-11D3-BF4B-00C04F79EFBC}") = "7-1-4", "7-1-4\7-1-4.csproj", "{0A71ABAD-6A43-414B-B972-DC66DD1C1C29}"
EndProject
Project("{FAE04EC0-301F-11D3-BF4B-00C04F79EFBC}") = "7-1-5", "7-1-5\7-1-5.csproj", "{A11EEA09-0CE7-4FC9-BCFB-5072E8A4C612}"
EndProject
Project("{FAE04EC0-301F-11D3-BF4B-00C04F79EFBC}") = "7-1-6", "7-1-6\7-1-6.csproj", "{29A3B1C8-676A-41A0-B551-727651CAEB83}"
EndProject
Project("{FAE04EC0-301F-11D3-BF4B-00C04F79EFBC}") = "7-1-7", "7-1-7\7-1-7.csproj", "{4FF33939-AFD4-437A-8477-85C9D7EB23AF}"
EndProject
Project("{FAE04EC0-301F-11D3-BF4B-00C04F79EFBC}") = "7-1-8", "7-1-8\7-1-8.csproj", "{F92A26C0-6CD3-4DA7-B4E4-676E2A1D0B05}"
EndProject
Project("{FAE04EC0-301F-11D3-BF4B-00C04F79EFBC}") = "7-1-9", "7-1-9\7-1-9.csproj", "{D12E90E8-9FE1-4AE3-A646-217A8D8CF701}"
EndProject
Project("{FAE04EC0-301F-11D3-BF4B-00C04F79EFBC}") = "7-1-10", "7-1-10\7-1-10.csproj", "{F69E5FFB-C852-4B41-B05D-B802FA4654AF}"
EndProject
Project("{FAE04EC0-301F-11D3-BF4B-00C04F79EFBC}") = "7-1-11", "7-1-11\7-1-11.csproj", "{7421740E-9D40-44CB-9E04-3567B28C8932}"
EndProject
Project("{FAE04EC0-301F-11D3-BF4B-00C04F79EFBC}") = "7-1-12", "7-1-12\7-1-12.csproj", "{78AB8014-F632-453E-8993-5769FA35F0AA}"
EndProject
Project("{FAE04EC0-301F-11D3-BF4B-00C04F79EFBC}") = "7-1-13", "7-1-13\7-1-13.csproj", "{EAEAFE59-1BAB-4BFA-B4B8-EBAE46F8D5D3}"
EndProject
Project("{FAE04EC0-301F-11D3-BF4B-00C04F79EFBC}") = "7-1-14", "7-1-14\7-1-14.csproj", "{AC91FB10-041C-4F9E-BC88-630CBED11676}"
EndProject
Project("{FAE04EC0-301F-11D3-BF4B-00C04F79EFBC}") = "7-1-15", "7-1-15\7-1-15.csproj", "{E10C8C97-A96B-4DDB-9951-1694886DC816}"
EndProject
Project("{FAE04EC0-301F-11D3-BF4B-00C04F79EFBC}") = "7-1-16", "7-1-16\7-1-16.csproj", "{57D1FAF2-ECF3-4E37-92F2-A820E56BCB73}"
EndProject
Project("{FAE04EC0-301F-11D3-BF4B-00C04F79EFBC}") = "7-1-17", "7-1-17\7-1-17.csproj", "{1BC23820-7F3F-49DA-A0F5-3AEDEEFCCA39}"
EndProject
Global
	GlobalSection(SolutionConfigurationPlatforms) = preSolution
		Debug|Any CPU = Debug|Any CPU
		Release|Any CPU = Release|Any CPU
	EndGlobalSection
	GlobalSection(ProjectConfigurationPlatforms) = postSolution
		{7FF888D7-24E9-41B9-8553-E0F2CE6CB837}.Debug|Any CPU.ActiveCfg = Debug|Any CPU
		{7FF888D7-24E9-41B9-8553-E0F2CE6CB837}.Debug|Any CPU.Build.0 = Debug|Any CPU
		{7FF888D7-24E9-41B9-8553-E0F2CE6CB837}.Release|Any CPU.ActiveCfg = Release|Any CPU
		{7FF888D7-24E9-41B9-8553-E0F2CE6CB837}.Release|Any CPU.Build.0 = Release|Any CPU
		{929DDC93-B531-4856-A849-E2D14CBA7B45}.Debug|Any CPU.ActiveCfg = Debug|Any CPU
		{929DDC93-B531-4856-A849-E2D14CBA7B45}.Debug|Any CPU.Build.0 = Debug|Any CPU
		{929DDC93-B531-4856-A849-E2D14CBA7B45}.Release|Any CPU.ActiveCfg = Release|Any CPU
		{929DDC93-B531-4856-A849-E2D14CBA7B45}.Release|Any CPU.Build.0 = Release|Any CPU
		{C55F2299-5A9E-49AF-A5F5-D20756921401}.Debug|Any CPU.ActiveCfg = Debug|Any CPU
		{C55F2299-5A9E-49AF-A5F5-D20756921401}.Debug|Any CPU.Build.0 = Debug|Any CPU
		{C55F2299-5A9E-49AF-A5F5-D20756921401}.Release|Any CPU.ActiveCfg = Release|Any CPU
		{C55F2299-5A9E-49AF-A5F5-D20756921401}.Release|Any CPU.Build.0 = Release|Any CPU
		{0A71ABAD-6A43-414B-B972-DC66DD1C1C29}.Debug|Any CPU.ActiveCfg = Debug|Any CPU
		{0A71ABAD-6A43-414B-B972-DC66DD1C1C29}.Debug|Any CPU.Build.0 = Debug|Any CPU
		{0A71ABAD-6A43-414B-B972-DC66DD1C1C29}.Release|Any CPU.ActiveCfg = Release|Any CPU
		{0A71ABAD-6A43-414B-B972-DC66DD1C1C29}.Release|Any CPU.Build.0 = Release|Any CPU
		{A11EEA09-0CE7-4FC9-BCFB-5072E8A4C612}.Debug|Any CPU.ActiveCfg = Debug|Any CPU
		{A11EEA09-0CE7-4FC9-BCFB-5072E8A4C612}.Debug|Any CPU.Build.0 = Debug|Any CPU
		{A11EEA09-0CE7-4FC9-BCFB-5072E8A4C612}.Release|Any CPU.ActiveCfg = Release|Any CPU
		{A11EEA09-0CE7-4FC9-BCFB-5072E8A4C612}.Release|Any CPU.Build.0 = Release|Any CPU
		{29A3B1C8-676A-41A0-B551-727651CAEB83}.Debug|Any CPU.ActiveCfg = Debug|Any CPU
		{29A3B1C8-676A-41A0-B551-727651CAEB83}.Debug|Any CPU.Build.0 = Debug|Any CPU
		{29A3B1C8-676A-41A0-B551-727651CAEB83}.Release|Any CPU.ActiveCfg = Release|Any CPU
		{29A3B1C8-676A-41A0-B551-727651CAEB83}.Release|Any CPU.Build.0 = Release|Any CPU
		{4FF33939-AFD4-437A-8477-85C9D7EB23AF}.Debug|Any CPU.ActiveCfg = Debug|Any CPU
		{4FF33939-AFD4-437A-8477-85C9D7EB23AF}.Debug|Any CPU.Build.0 = Debug|Any CPU
		{4FF33939-AFD4-437A-8477-85C9D7EB23AF}.Release|Any CPU.ActiveCfg = Release|Any CPU
		{4FF33939-AFD4-437A-8477-85C9D7EB23AF}.Release|Any CPU.Build.0 = Release|Any CPU
		{F92A26C0-6CD3-4DA7-B4E4-676E2A1D0B05}.Debug|Any CPU.ActiveCfg = Debug|Any CPU
		{F92A26C0-6CD3-4DA7-B4E4-676E2A1D0B05}.Debug|Any CPU.Build.0 = Debug|Any CPU
		{F92A26C0-6CD3-4DA7-B4E4-676E2A1D0B05}.Release|Any CPU.ActiveCfg = Release|Any CPU
		{F92A26C0-6CD3-4DA7-B4E4-676E2A1D0B05}.Release|Any CPU.Build.0 = Release|Any CPU
		{D12E90E8-9FE1-4AE3-A646-217A8D8CF701}.Debug|Any CPU.ActiveCfg = Debug|Any CPU
		{D12E90E8-9FE1-4AE3-A646-217A8D8CF701}.Debug|Any CPU.Build.0 = Debug|Any CPU
		{D12E90E8-9FE1-4AE3-A646-217A8D8CF701}.Release|Any CPU.ActiveCfg = Release|Any CPU
		{D12E90E8-9FE1-4AE3-A646-217A8D8CF701}.Release|Any CPU.Build.0 = Release|Any CPU
		{F69E5FFB-C852-4B41-B05D-B802FA4654AF}.Debug|Any CPU.ActiveCfg = Debug|Any CPU
		{F69E5FFB-C852-4B41-B05D-B802FA4654AF}.Debug|Any CPU.Build.0 = Debug|Any CPU
		{F69E5FFB-C852-4B41-B05D-B802FA4654AF}.Release|Any CPU.ActiveCfg = Release|Any CPU
		{F69E5FFB-C852-4B41-B05D-B802FA4654AF}.Release|Any CPU.Build.0 = Release|Any CPU
		{7421740E-9D40-44CB-9E04-3567B28C8932}.Debug|Any CPU.ActiveCfg = Debug|Any CPU
		{7421740E-9D40-44CB-9E04-3567B28C8932}.Debug|Any CPU.Build.0 = Debug|Any CPU
		{7421740E-9D40-44CB-9E04-3567B28C8932}.Release|Any CPU.ActiveCfg = Release|Any CPU
		{7421740E-9D40-44CB-9E04-3567B28C8932}.Release|Any CPU.Build.0 = Release|Any CPU
		{78AB8014-F632-453E-8993-5769FA35F0AA}.Debug|Any CPU.ActiveCfg = Debug|Any CPU
		{78AB8014-F632-453E-8993-5769FA35F0AA}.Debug|Any CPU.Build.0 = Debug|Any CPU
		{78AB8014-F632-453E-8993-5769FA35F0AA}.Release|Any CPU.ActiveCfg = Release|Any CPU
		{78AB8014-F632-453E-8993-5769FA35F0AA}.Release|Any CPU.Build.0 = Release|Any CPU
		{EAEAFE59-1BAB-4BFA-B4B8-EBAE46F8D5D3}.Debug|Any CPU.ActiveCfg = Debug|Any CPU
		{EAEAFE59-1BAB-4BFA-B4B8-EBAE46F8D5D3}.Debug|Any CPU.Build.0 = Debug|Any CPU
		{EAEAFE59-1BAB-4BFA-B4B8-EBAE46F8D5D3}.Release|Any CPU.ActiveCfg = Release|Any CPU
		{EAEAFE59-1BAB-4BFA-B4B8-EBAE46F8D5D3}.Release|Any CPU.Build.0 = Release|Any CPU
		{AC91FB10-041C-4F9E-BC88-630CBED11676}.Debug|Any CPU.ActiveCfg = Debug|Any CPU
		{AC91FB10-041C-4F9E-BC88-630CBED11676}.Debug|Any CPU.Build.0 = Debug|Any CPU
		{AC91FB10-041C-4F9E-BC88-630CBED11676}.Release|Any CPU.ActiveCfg = Release|Any CPU
		{AC91FB10-041C-4F9E-BC88-630CBED11676}.Release|Any CPU.Build.0 = Release|Any CPU
		{E10C8C97-A96B-4DDB-9951-1694886DC816}.Debug|Any CPU.ActiveCfg = Debug|Any CPU
		{E10C8C97-A96B-4DDB-9951-1694886DC816}.Debug|Any CPU.Build.0 = Debug|Any CPU
		{E10C8C97-A96B-4DDB-9951-1694886DC816}.Release|Any CPU.ActiveCfg = Release|Any CPU
		{E10C8C97-A96B-4DDB-9951-1694886DC816}.Release|Any CPU.Build.0 = Release|Any CPU
		{57D1FAF2-ECF3-4E37-92F2-A820E56BCB73}.Debug|Any CPU.ActiveCfg = Debug|Any CPU
		{57D1FAF2-ECF3-4E37-92F2-A820E56BCB73}.Debug|Any CPU.Build.0 = Debug|Any CPU
		{57D1FAF2-ECF3-4E37-92F2-A820E56BCB73}.Release|Any CPU.ActiveCfg = Release|Any CPU
		{57D1FAF2-ECF3-4E37-92F2-A820E56BCB73}.Release|Any CPU.Build.0 = Release|Any CPU
		{1BC23820-7F3F-49DA-A0F5-3AEDEEFCCA39}.Debug|Any CPU.ActiveCfg = Debug|Any CPU
		{1BC23820-7F3F-49DA-A0F5-3AEDEEFCCA39}.Debug|Any CPU.Build.0 = Debug|Any CPU
		{1BC23820-7F3F-49DA-A0F5-3AEDEEFCCA39}.Release|Any CPU.ActiveCfg = Release|Any CPU
		{1BC23820-7F3F-49DA-A0F5-3AEDEEFCCA39}.Release|Any CPU.Build.0 = Release|Any CPU
	EndGlobalSection
	GlobalSection(SolutionProperties) = preSolution
		HideSolutionNode = FALSE
	EndGlobalSection
	GlobalSection(ExtensibilityGlobals) = postSolution
		SolutionGuid = {660328C7-E6A8-4260-9BAA-2926EF6EEDCB}
	EndGlobalSection
EndGlobal
