
Microsoft Visual Studio Solution File, Format Version 12.00
# Visual Studio 15
VisualStudioVersion = 15.0.27703.2035
MinimumVisualStudioVersion = 10.0.40219.1
Project("{FAE04EC0-301F-11D3-BF4B-00C04F79EFBC}") = "5-1-1", "5-1-\5-1-1.csproj", "{F2FA2932-8139-401D-BEBF-E857F84BC1B1}"
EndProject
Project("{FAE04EC0-301F-11D3-BF4B-00C04F79EFBC}") = "5-1-2", "5-1-2\5-1-2.csproj", "{474912A0-4D95-4367-A173-EE24299E8CB4}"
EndProject
Project("{FAE04EC0-301F-11D3-BF4B-00C04F79EFBC}") = "5-1-3", "5-1-3\5-1-3.csproj", "{9AD0E366-E754-4AA7-BC9F-7CAC9FF4B981}"
EndProject
Project("{FAE04EC0-301F-11D3-BF4B-00C04F79EFBC}") = "5-1-4", "5-1-4\5-1-4.csproj", "{9D10CE25-381C-4EEF-9A49-23B1A6D05D3D}"
EndProject
Project("{FAE04EC0-301F-11D3-BF4B-00C04F79EFBC}") = "5-1-5", "5-1-5\5-1-5.csproj", "{6AA2F29F-6968-49E2-9965-787A050CA11D}"
EndProject
Project("{FAE04EC0-301F-11D3-BF4B-00C04F79EFBC}") = "5-1-6", "5-1-6\5-1-6.csproj", "{14FFD5A8-024F-4C34-AA1F-2D99FA3BDC79}"
EndProject
Project("{FAE04EC0-301F-11D3-BF4B-00C04F79EFBC}") = "5-1-7", "5-1-7\5-1-7.csproj", "{A1BBC1EB-924D-4130-AFE0-A2DD22A419F4}"
EndProject
Project("{FAE04EC0-301F-11D3-BF4B-00C04F79EFBC}") = "5-1-8", "5-1-8\5-1-8.csproj", "{765C1706-0F22-4C23-92F9-AAAC5935A110}"
EndProject
Project("{FAE04EC0-301F-11D3-BF4B-00C04F79EFBC}") = "5-1-9", "5-1-9\5-1-9.csproj", "{2B4EA1A9-053B-45A5-B6DE-C10E0395BB2E}"
EndProject
Project("{FAE04EC0-301F-11D3-BF4B-00C04F79EFBC}") = "5-1-10", "5-1-10\5-1-10.csproj", "{F0B2CFA6-FB62-4626-B204-815FD8F2B5C6}"
EndProject
Project("{FAE04EC0-301F-11D3-BF4B-00C04F79EFBC}") = "5-1-11", "5-1-11\5-1-11.csproj", "{8CF95406-65DA-4C61-A8BA-D8672E6BF8B8}"
EndProject
Project("{FAE04EC0-301F-11D3-BF4B-00C04F79EFBC}") = "5-1-12", "5-1-12\5-1-12.csproj", "{65441903-4CA7-4C7A-9BD4-516974D9960B}"
EndProject
Project("{FAE04EC0-301F-11D3-BF4B-00C04F79EFBC}") = "5-1-13", "5-1-13\5-1-13.csproj", "{18A7A9BF-FA95-4085-A25D-B59F510C039B}"
EndProject
Global
	GlobalSection(SolutionConfigurationPlatforms) = preSolution
		Debug|Any CPU = Debug|Any CPU
		Release|Any CPU = Release|Any CPU
	EndGlobalSection
	GlobalSection(ProjectConfigurationPlatforms) = postSolution
		{F2FA2932-8139-401D-BEBF-E857F84BC1B1}.Debug|Any CPU.ActiveCfg = Debug|Any CPU
		{F2FA2932-8139-401D-BEBF-E857F84BC1B1}.Debug|Any CPU.Build.0 = Debug|Any CPU
		{F2FA2932-8139-401D-BEBF-E857F84BC1B1}.Release|Any CPU.ActiveCfg = Release|Any CPU
		{F2FA2932-8139-401D-BEBF-E857F84BC1B1}.Release|Any CPU.Build.0 = Release|Any CPU
		{474912A0-4D95-4367-A173-EE24299E8CB4}.Debug|Any CPU.ActiveCfg = Debug|Any CPU
		{474912A0-4D95-4367-A173-EE24299E8CB4}.Debug|Any CPU.Build.0 = Debug|Any CPU
		{474912A0-4D95-4367-A173-EE24299E8CB4}.Release|Any CPU.ActiveCfg = Release|Any CPU
		{474912A0-4D95-4367-A173-EE24299E8CB4}.Release|Any CPU.Build.0 = Release|Any CPU
		{9AD0E366-E754-4AA7-BC9F-7CAC9FF4B981}.Debug|Any CPU.ActiveCfg = Debug|Any CPU
		{9AD0E366-E754-4AA7-BC9F-7CAC9FF4B981}.Debug|Any CPU.Build.0 = Debug|Any CPU
		{9AD0E366-E754-4AA7-BC9F-7CAC9FF4B981}.Release|Any CPU.ActiveCfg = Release|Any CPU
		{9AD0E366-E754-4AA7-BC9F-7CAC9FF4B981}.Release|Any CPU.Build.0 = Release|Any CPU
		{9D10CE25-381C-4EEF-9A49-23B1A6D05D3D}.Debug|Any CPU.ActiveCfg = Debug|Any CPU
		{9D10CE25-381C-4EEF-9A49-23B1A6D05D3D}.Debug|Any CPU.Build.0 = Debug|Any CPU
		{9D10CE25-381C-4EEF-9A49-23B1A6D05D3D}.Release|Any CPU.ActiveCfg = Release|Any CPU
		{9D10CE25-381C-4EEF-9A49-23B1A6D05D3D}.Release|Any CPU.Build.0 = Release|Any CPU
		{6AA2F29F-6968-49E2-9965-787A050CA11D}.Debug|Any CPU.ActiveCfg = Debug|Any CPU
		{6AA2F29F-6968-49E2-9965-787A050CA11D}.Debug|Any CPU.Build.0 = Debug|Any CPU
		{6AA2F29F-6968-49E2-9965-787A050CA11D}.Release|Any CPU.ActiveCfg = Release|Any CPU
		{6AA2F29F-6968-49E2-9965-787A050CA11D}.Release|Any CPU.Build.0 = Release|Any CPU
		{14FFD5A8-024F-4C34-AA1F-2D99FA3BDC79}.Debug|Any CPU.ActiveCfg = Debug|Any CPU
		{14FFD5A8-024F-4C34-AA1F-2D99FA3BDC79}.Debug|Any CPU.Build.0 = Debug|Any CPU
		{14FFD5A8-024F-4C34-AA1F-2D99FA3BDC79}.Release|Any CPU.ActiveCfg = Release|Any CPU
		{14FFD5A8-024F-4C34-AA1F-2D99FA3BDC79}.Release|Any CPU.Build.0 = Release|Any CPU
		{A1BBC1EB-924D-4130-AFE0-A2DD22A419F4}.Debug|Any CPU.ActiveCfg = Debug|Any CPU
		{A1BBC1EB-924D-4130-AFE0-A2DD22A419F4}.Debug|Any CPU.Build.0 = Debug|Any CPU
		{A1BBC1EB-924D-4130-AFE0-A2DD22A419F4}.Release|Any CPU.ActiveCfg = Release|Any CPU
		{A1BBC1EB-924D-4130-AFE0-A2DD22A419F4}.Release|Any CPU.Build.0 = Release|Any CPU
		{765C1706-0F22-4C23-92F9-AAAC5935A110}.Debug|Any CPU.ActiveCfg = Debug|Any CPU
		{765C1706-0F22-4C23-92F9-AAAC5935A110}.Debug|Any CPU.Build.0 = Debug|Any CPU
		{765C1706-0F22-4C23-92F9-AAAC5935A110}.Release|Any CPU.ActiveCfg = Release|Any CPU
		{765C1706-0F22-4C23-92F9-AAAC5935A110}.Release|Any CPU.Build.0 = Release|Any CPU
		{2B4EA1A9-053B-45A5-B6DE-C10E0395BB2E}.Debug|Any CPU.ActiveCfg = Debug|Any CPU
		{2B4EA1A9-053B-45A5-B6DE-C10E0395BB2E}.Debug|Any CPU.Build.0 = Debug|Any CPU
		{2B4EA1A9-053B-45A5-B6DE-C10E0395BB2E}.Release|Any CPU.ActiveCfg = Release|Any CPU
		{2B4EA1A9-053B-45A5-B6DE-C10E0395BB2E}.Release|Any CPU.Build.0 = Release|Any CPU
		{F0B2CFA6-FB62-4626-B204-815FD8F2B5C6}.Debug|Any CPU.ActiveCfg = Debug|Any CPU
		{F0B2CFA6-FB62-4626-B204-815FD8F2B5C6}.Debug|Any CPU.Build.0 = Debug|Any CPU
		{F0B2CFA6-FB62-4626-B204-815FD8F2B5C6}.Release|Any CPU.ActiveCfg = Release|Any CPU
		{F0B2CFA6-FB62-4626-B204-815FD8F2B5C6}.Release|Any CPU.Build.0 = Release|Any CPU
		{8CF95406-65DA-4C61-A8BA-D8672E6BF8B8}.Debug|Any CPU.ActiveCfg = Debug|Any CPU
		{8CF95406-65DA-4C61-A8BA-D8672E6BF8B8}.Debug|Any CPU.Build.0 = Debug|Any CPU
		{8CF95406-65DA-4C61-A8BA-D8672E6BF8B8}.Release|Any CPU.ActiveCfg = Release|Any CPU
		{8CF95406-65DA-4C61-A8BA-D8672E6BF8B8}.Release|Any CPU.Build.0 = Release|Any CPU
		{65441903-4CA7-4C7A-9BD4-516974D9960B}.Debug|Any CPU.ActiveCfg = Debug|Any CPU
		{65441903-4CA7-4C7A-9BD4-516974D9960B}.Debug|Any CPU.Build.0 = Debug|Any CPU
		{65441903-4CA7-4C7A-9BD4-516974D9960B}.Release|Any CPU.ActiveCfg = Release|Any CPU
		{65441903-4CA7-4C7A-9BD4-516974D9960B}.Release|Any CPU.Build.0 = Release|Any CPU
		{18A7A9BF-FA95-4085-A25D-B59F510C039B}.Debug|Any CPU.ActiveCfg = Debug|Any CPU
		{18A7A9BF-FA95-4085-A25D-B59F510C039B}.Debug|Any CPU.Build.0 = Debug|Any CPU
		{18A7A9BF-FA95-4085-A25D-B59F510C039B}.Release|Any CPU.ActiveCfg = Release|Any CPU
		{18A7A9BF-FA95-4085-A25D-B59F510C039B}.Release|Any CPU.Build.0 = Release|Any CPU
	EndGlobalSection
	GlobalSection(SolutionProperties) = preSolution
		HideSolutionNode = FALSE
	EndGlobalSection
	GlobalSection(ExtensibilityGlobals) = postSolution
		SolutionGuid = {5ACA6A7A-4F57-4576-B525-4307DF01141D}
	EndGlobalSection
EndGlobal
