
Microsoft Visual Studio Solution File, Format Version 12.00
# Visual Studio 15
VisualStudioVersion = 15.0.27703.2035
MinimumVisualStudioVersion = 10.0.40219.1
Project("{FAE04EC0-301F-11D3-BF4B-00C04F79EFBC}") = "SimpleMethods", "SimpleMethods\SimpleMethods.csproj", "{6704214A-E8BB-4D69-9509-CE14AA7AC022}"
EndProject
Project("{FAE04EC0-301F-11D3-BF4B-00C04F79EFBC}") = "Dictionary", "Dictionary\Dictionary.csproj", "{1A39085C-DCAE-43FC-A867-D12AA924901E}"
EndProject
Project("{FAE04EC0-301F-11D3-BF4B-00C04F79EFBC}") = "ChangeHyperlinks", "ChangeHyperlinks\ChangeHyperlinks.csproj", "{693CEA68-4C63-4EBC-A034-EBC6E2A2EEBC}"
EndProject
Project("{FAE04EC0-301F-11D3-BF4B-00C04F79EFBC}") = "SimpleMethodsTests", "SimpleMethodsTests\SimpleMethodsTests.csproj", "{4671EE8A-9450-4D38-8B8F-2CD3CCCA193F}"
EndProject
Project("{FAE04EC0-301F-11D3-BF4B-00C04F79EFBC}") = "DateMethods", "DaysBetweenDates\DateMethods.csproj", "{59626B64-9385-4987-96B3-7A2A2E855630}"
EndProject
Project("{FAE04EC0-301F-11D3-BF4B-00C04F79EFBC}") = "DifferentWordsInString", "DifferentWordsInString\DifferentWordsInString.csproj", "{C36092C5-BB22-4FC1-9B99-D60C652F6349}"
EndProject
Project("{FAE04EC0-301F-11D3-BF4B-00C04F79EFBC}") = "DifferentWordsInStringTests", "DifferentWordsInStringTests\DifferentWordsInStringTests.csproj", "{B1E979B1-3606-4AE3-B5C9-A81A11015375}"
EndProject
Project("{FAE04EC0-301F-11D3-BF4B-00C04F79EFBC}") = "SortWords", "SortWords\SortWords.csproj", "{FE9AB948-6C94-40DF-8E00-B0044DB2322F}"
EndProject
Global
	GlobalSection(SolutionConfigurationPlatforms) = preSolution
		Debug|Any CPU = Debug|Any CPU
		Release|Any CPU = Release|Any CPU
	EndGlobalSection
	GlobalSection(ProjectConfigurationPlatforms) = postSolution
		{6704214A-E8BB-4D69-9509-CE14AA7AC022}.Debug|Any CPU.ActiveCfg = Debug|Any CPU
		{6704214A-E8BB-4D69-9509-CE14AA7AC022}.Debug|Any CPU.Build.0 = Debug|Any CPU
		{6704214A-E8BB-4D69-9509-CE14AA7AC022}.Release|Any CPU.ActiveCfg = Release|Any CPU
		{6704214A-E8BB-4D69-9509-CE14AA7AC022}.Release|Any CPU.Build.0 = Release|Any CPU
		{1A39085C-DCAE-43FC-A867-D12AA924901E}.Debug|Any CPU.ActiveCfg = Debug|Any CPU
		{1A39085C-DCAE-43FC-A867-D12AA924901E}.Debug|Any CPU.Build.0 = Debug|Any CPU
		{1A39085C-DCAE-43FC-A867-D12AA924901E}.Release|Any CPU.ActiveCfg = Release|Any CPU
		{1A39085C-DCAE-43FC-A867-D12AA924901E}.Release|Any CPU.Build.0 = Release|Any CPU
		{693CEA68-4C63-4EBC-A034-EBC6E2A2EEBC}.Debug|Any CPU.ActiveCfg = Debug|Any CPU
		{693CEA68-4C63-4EBC-A034-EBC6E2A2EEBC}.Debug|Any CPU.Build.0 = Debug|Any CPU
		{693CEA68-4C63-4EBC-A034-EBC6E2A2EEBC}.Release|Any CPU.ActiveCfg = Release|Any CPU
		{693CEA68-4C63-4EBC-A034-EBC6E2A2EEBC}.Release|Any CPU.Build.0 = Release|Any CPU
		{4671EE8A-9450-4D38-8B8F-2CD3CCCA193F}.Debug|Any CPU.ActiveCfg = Debug|Any CPU
		{4671EE8A-9450-4D38-8B8F-2CD3CCCA193F}.Debug|Any CPU.Build.0 = Debug|Any CPU
		{4671EE8A-9450-4D38-8B8F-2CD3CCCA193F}.Release|Any CPU.ActiveCfg = Release|Any CPU
		{4671EE8A-9450-4D38-8B8F-2CD3CCCA193F}.Release|Any CPU.Build.0 = Release|Any CPU
		{59626B64-9385-4987-96B3-7A2A2E855630}.Debug|Any CPU.ActiveCfg = Debug|Any CPU
		{59626B64-9385-4987-96B3-7A2A2E855630}.Debug|Any CPU.Build.0 = Debug|Any CPU
		{59626B64-9385-4987-96B3-7A2A2E855630}.Release|Any CPU.ActiveCfg = Release|Any CPU
		{59626B64-9385-4987-96B3-7A2A2E855630}.Release|Any CPU.Build.0 = Release|Any CPU
		{C36092C5-BB22-4FC1-9B99-D60C652F6349}.Debug|Any CPU.ActiveCfg = Debug|Any CPU
		{C36092C5-BB22-4FC1-9B99-D60C652F6349}.Debug|Any CPU.Build.0 = Debug|Any CPU
		{C36092C5-BB22-4FC1-9B99-D60C652F6349}.Release|Any CPU.ActiveCfg = Release|Any CPU
		{C36092C5-BB22-4FC1-9B99-D60C652F6349}.Release|Any CPU.Build.0 = Release|Any CPU
		{B1E979B1-3606-4AE3-B5C9-A81A11015375}.Debug|Any CPU.ActiveCfg = Debug|Any CPU
		{B1E979B1-3606-4AE3-B5C9-A81A11015375}.Debug|Any CPU.Build.0 = Debug|Any CPU
		{B1E979B1-3606-4AE3-B5C9-A81A11015375}.Release|Any CPU.ActiveCfg = Release|Any CPU
		{B1E979B1-3606-4AE3-B5C9-A81A11015375}.Release|Any CPU.Build.0 = Release|Any CPU
		{FE9AB948-6C94-40DF-8E00-B0044DB2322F}.Debug|Any CPU.ActiveCfg = Debug|Any CPU
		{FE9AB948-6C94-40DF-8E00-B0044DB2322F}.Debug|Any CPU.Build.0 = Debug|Any CPU
		{FE9AB948-6C94-40DF-8E00-B0044DB2322F}.Release|Any CPU.ActiveCfg = Release|Any CPU
		{FE9AB948-6C94-40DF-8E00-B0044DB2322F}.Release|Any CPU.Build.0 = Release|Any CPU
	EndGlobalSection
	GlobalSection(SolutionProperties) = preSolution
		HideSolutionNode = FALSE
	EndGlobalSection
	GlobalSection(ExtensibilityGlobals) = postSolution
		SolutionGuid = {1D3D7C48-9D56-4CD0-A429-D8B865254298}
	EndGlobalSection
EndGlobal
