
Microsoft Visual Studio Solution File, Format Version 12.00
# Visual Studio 15
VisualStudioVersion = 15.0.27703.2035
MinimumVisualStudioVersion = 10.0.40219.1
Project("{FAE04EC0-301F-11D3-BF4B-00C04F79EFBC}") = "3-2-1", "3-2-EXAM\3-2-1.csproj", "{7DC052CA-559B-4CA0-B82B-593945529A17}"
EndProject
Project("{FAE04EC0-301F-11D3-BF4B-00C04F79EFBC}") = "3-2-2", "3-2-2\3-2-2.csproj", "{9AC19451-E384-4186-967B-E991D2C24413}"
EndProject
Project("{FAE04EC0-301F-11D3-BF4B-00C04F79EFBC}") = "3-2-3", "3-2-3\3-2-3.csproj", "{AA4913F8-7F4F-4178-A335-DE28A8FB86D3}"
EndProject
Project("{FAE04EC0-301F-11D3-BF4B-00C04F79EFBC}") = "3-2-4", "3-2-4\3-2-4.csproj", "{182F0BDE-C934-41E1-8BD4-904B73DE5ED1}"
EndProject
Project("{FAE04EC0-301F-11D3-BF4B-00C04F79EFBC}") = "3-2-5", "3-2-5\3-2-5.csproj", "{285FB9A3-65B3-47D9-90F9-7A716B77B216}"
EndProject
Global
	GlobalSection(SolutionConfigurationPlatforms) = preSolution
		Debug|Any CPU = Debug|Any CPU
		Release|Any CPU = Release|Any CPU
	EndGlobalSection
	GlobalSection(ProjectConfigurationPlatforms) = postSolution
		{7DC052CA-559B-4CA0-B82B-593945529A17}.Debug|Any CPU.ActiveCfg = Debug|Any CPU
		{7DC052CA-559B-4CA0-B82B-593945529A17}.Debug|Any CPU.Build.0 = Debug|Any CPU
		{7DC052CA-559B-4CA0-B82B-593945529A17}.Release|Any CPU.ActiveCfg = Release|Any CPU
		{7DC052CA-559B-4CA0-B82B-593945529A17}.Release|Any CPU.Build.0 = Release|Any CPU
		{9AC19451-E384-4186-967B-E991D2C24413}.Debug|Any CPU.ActiveCfg = Debug|Any CPU
		{9AC19451-E384-4186-967B-E991D2C24413}.Debug|Any CPU.Build.0 = Debug|Any CPU
		{9AC19451-E384-4186-967B-E991D2C24413}.Release|Any CPU.ActiveCfg = Release|Any CPU
		{9AC19451-E384-4186-967B-E991D2C24413}.Release|Any CPU.Build.0 = Release|Any CPU
		{AA4913F8-7F4F-4178-A335-DE28A8FB86D3}.Debug|Any CPU.ActiveCfg = Debug|Any CPU
		{AA4913F8-7F4F-4178-A335-DE28A8FB86D3}.Debug|Any CPU.Build.0 = Debug|Any CPU
		{AA4913F8-7F4F-4178-A335-DE28A8FB86D3}.Release|Any CPU.ActiveCfg = Release|Any CPU
		{AA4913F8-7F4F-4178-A335-DE28A8FB86D3}.Release|Any CPU.Build.0 = Release|Any CPU
		{182F0BDE-C934-41E1-8BD4-904B73DE5ED1}.Debug|Any CPU.ActiveCfg = Debug|Any CPU
		{182F0BDE-C934-41E1-8BD4-904B73DE5ED1}.Debug|Any CPU.Build.0 = Debug|Any CPU
		{182F0BDE-C934-41E1-8BD4-904B73DE5ED1}.Release|Any CPU.ActiveCfg = Release|Any CPU
		{182F0BDE-C934-41E1-8BD4-904B73DE5ED1}.Release|Any CPU.Build.0 = Release|Any CPU
		{285FB9A3-65B3-47D9-90F9-7A716B77B216}.Debug|Any CPU.ActiveCfg = Debug|Any CPU
		{285FB9A3-65B3-47D9-90F9-7A716B77B216}.Debug|Any CPU.Build.0 = Debug|Any CPU
		{285FB9A3-65B3-47D9-90F9-7A716B77B216}.Release|Any CPU.ActiveCfg = Release|Any CPU
		{285FB9A3-65B3-47D9-90F9-7A716B77B216}.Release|Any CPU.Build.0 = Release|Any CPU
	EndGlobalSection
	GlobalSection(SolutionProperties) = preSolution
		HideSolutionNode = FALSE
	EndGlobalSection
	GlobalSection(ExtensibilityGlobals) = postSolution
		SolutionGuid = {6D105B62-E0EA-4D8A-B9C2-CCC2B8CA678F}
	EndGlobalSection
EndGlobal
