
Microsoft Visual Studio Solution File, Format Version 12.00
# Visual Studio 15
VisualStudioVersion = 15.0.27703.2035
MinimumVisualStudioVersion = 10.0.40219.1
Project("{FAE04EC0-301F-11D3-BF4B-00C04F79EFBC}") = "9-1-1", "9-1-\9-1-1.csproj", "{56877B80-1023-4B81-9486-636283E10989}"
EndProject
Project("{FAE04EC0-301F-11D3-BF4B-00C04F79EFBC}") = "9-1-1-masiv-toDo", "9-1-1-masiv\9-1-1-masiv-toDo.csproj", "{0AC87C9C-592F-46EC-AC51-45952BEA1116}"
EndProject
Project("{FAE04EC0-301F-11D3-BF4B-00C04F79EFBC}") = "9-1-2", "9-1-2\9-1-2.csproj", "{7968D85D-965F-41BD-AAE2-E9179F5E63BD}"
EndProject
Project("{FAE04EC0-301F-11D3-BF4B-00C04F79EFBC}") = "9-1-3", "9-1-3\9-1-3.csproj", "{4937C7ED-65B7-4E68-B798-0924D8B8886F}"
EndProject
Global
	GlobalSection(SolutionConfigurationPlatforms) = preSolution
		Debug|Any CPU = Debug|Any CPU
		Release|Any CPU = Release|Any CPU
	EndGlobalSection
	GlobalSection(ProjectConfigurationPlatforms) = postSolution
		{56877B80-1023-4B81-9486-636283E10989}.Debug|Any CPU.ActiveCfg = Debug|Any CPU
		{56877B80-1023-4B81-9486-636283E10989}.Debug|Any CPU.Build.0 = Debug|Any CPU
		{56877B80-1023-4B81-9486-636283E10989}.Release|Any CPU.ActiveCfg = Release|Any CPU
		{56877B80-1023-4B81-9486-636283E10989}.Release|Any CPU.Build.0 = Release|Any CPU
		{0AC87C9C-592F-46EC-AC51-45952BEA1116}.Debug|Any CPU.ActiveCfg = Debug|Any CPU
		{0AC87C9C-592F-46EC-AC51-45952BEA1116}.Debug|Any CPU.Build.0 = Debug|Any CPU
		{0AC87C9C-592F-46EC-AC51-45952BEA1116}.Release|Any CPU.ActiveCfg = Release|Any CPU
		{0AC87C9C-592F-46EC-AC51-45952BEA1116}.Release|Any CPU.Build.0 = Release|Any CPU
		{7968D85D-965F-41BD-AAE2-E9179F5E63BD}.Debug|Any CPU.ActiveCfg = Debug|Any CPU
		{7968D85D-965F-41BD-AAE2-E9179F5E63BD}.Debug|Any CPU.Build.0 = Debug|Any CPU
		{7968D85D-965F-41BD-AAE2-E9179F5E63BD}.Release|Any CPU.ActiveCfg = Release|Any CPU
		{7968D85D-965F-41BD-AAE2-E9179F5E63BD}.Release|Any CPU.Build.0 = Release|Any CPU
		{4937C7ED-65B7-4E68-B798-0924D8B8886F}.Debug|Any CPU.ActiveCfg = Debug|Any CPU
		{4937C7ED-65B7-4E68-B798-0924D8B8886F}.Debug|Any CPU.Build.0 = Debug|Any CPU
		{4937C7ED-65B7-4E68-B798-0924D8B8886F}.Release|Any CPU.ActiveCfg = Release|Any CPU
		{4937C7ED-65B7-4E68-B798-0924D8B8886F}.Release|Any CPU.Build.0 = Release|Any CPU
	EndGlobalSection
	GlobalSection(SolutionProperties) = preSolution
		HideSolutionNode = FALSE
	EndGlobalSection
	GlobalSection(ExtensibilityGlobals) = postSolution
		SolutionGuid = {747783EA-C7A0-4FFF-BBC3-67A2F92BCED1}
	EndGlobalSection
EndGlobal
