
Microsoft Visual Studio Solution File, Format Version 12.00
# Visual Studio 15
VisualStudioVersion = 15.0.27703.2035
MinimumVisualStudioVersion = 10.0.40219.1
Project("{FAE04EC0-301F-11D3-BF4B-00C04F79EFBC}") = "1-SomeTests", "PrinciplesExceptions\1-SomeTests.csproj", "{464C9DC2-9CBD-41AA-98D9-832EE067DD42}"
EndProject
Project("{FAE04EC0-301F-11D3-BF4B-00C04F79EFBC}") = "ReadNumbers", "ReadNumber\ReadNumbers.csproj", "{CBEEF8F5-2B85-4656-A5E9-5E63061CB141}"
EndProject
Global
	GlobalSection(SolutionConfigurationPlatforms) = preSolution
		Debug|Any CPU = Debug|Any CPU
		Release|Any CPU = Release|Any CPU
	EndGlobalSection
	GlobalSection(ProjectConfigurationPlatforms) = postSolution
		{464C9DC2-9CBD-41AA-98D9-832EE067DD42}.Debug|Any CPU.ActiveCfg = Debug|Any CPU
		{464C9DC2-9CBD-41AA-98D9-832EE067DD42}.Debug|Any CPU.Build.0 = Debug|Any CPU
		{464C9DC2-9CBD-41AA-98D9-832EE067DD42}.Release|Any CPU.ActiveCfg = Release|Any CPU
		{464C9DC2-9CBD-41AA-98D9-832EE067DD42}.Release|Any CPU.Build.0 = Release|Any CPU
		{CBEEF8F5-2B85-4656-A5E9-5E63061CB141}.Debug|Any CPU.ActiveCfg = Debug|Any CPU
		{CBEEF8F5-2B85-4656-A5E9-5E63061CB141}.Debug|Any CPU.Build.0 = Debug|Any CPU
		{CBEEF8F5-2B85-4656-A5E9-5E63061CB141}.Release|Any CPU.ActiveCfg = Release|Any CPU
		{CBEEF8F5-2B85-4656-A5E9-5E63061CB141}.Release|Any CPU.Build.0 = Release|Any CPU
	EndGlobalSection
	GlobalSection(SolutionProperties) = preSolution
		HideSolutionNode = FALSE
	EndGlobalSection
	GlobalSection(ExtensibilityGlobals) = postSolution
		SolutionGuid = {FCFD05CC-4164-47EB-87FE-5EFE1D9DA07F}
	EndGlobalSection
EndGlobal
