
Microsoft Visual Studio Solution File, Format Version 12.00
# Visual Studio 15
VisualStudioVersion = 15.0.27703.2035
MinimumVisualStudioVersion = 10.0.40219.1
Project("{FAE04EC0-301F-11D3-BF4B-00C04F79EFBC}") = "4-2-1", "4-2-\4-2-1.csproj", "{2D075404-A99C-44C4-B5C4-4FB99294F14F}"
EndProject
Project("{FAE04EC0-301F-11D3-BF4B-00C04F79EFBC}") = "4-2-2", "4-2-2\4-2-2.csproj", "{145E534B-C535-4AEA-B729-4657C4ECE651}"
EndProject
Project("{FAE04EC0-301F-11D3-BF4B-00C04F79EFBC}") = "4-2-3", "4-1-3\4-2-3.csproj", "{54452064-A2AC-4575-8D03-EE6A4A49698B}"
EndProject
Project("{FAE04EC0-301F-11D3-BF4B-00C04F79EFBC}") = "4-2-4", "4-2-4\4-2-4.csproj", "{7431BB28-BE42-4BA0-8A2B-411F582ACF3A}"
EndProject
Project("{FAE04EC0-301F-11D3-BF4B-00C04F79EFBC}") = "4-2-5", "4-2-5\4-2-5.csproj", "{905CF2A4-4F56-4662-9A9E-89D75156E808}"
EndProject
Global
	GlobalSection(SolutionConfigurationPlatforms) = preSolution
		Debug|Any CPU = Debug|Any CPU
		Release|Any CPU = Release|Any CPU
	EndGlobalSection
	GlobalSection(ProjectConfigurationPlatforms) = postSolution
		{2D075404-A99C-44C4-B5C4-4FB99294F14F}.Debug|Any CPU.ActiveCfg = Debug|Any CPU
		{2D075404-A99C-44C4-B5C4-4FB99294F14F}.Debug|Any CPU.Build.0 = Debug|Any CPU
		{2D075404-A99C-44C4-B5C4-4FB99294F14F}.Release|Any CPU.ActiveCfg = Release|Any CPU
		{2D075404-A99C-44C4-B5C4-4FB99294F14F}.Release|Any CPU.Build.0 = Release|Any CPU
		{145E534B-C535-4AEA-B729-4657C4ECE651}.Debug|Any CPU.ActiveCfg = Debug|Any CPU
		{145E534B-C535-4AEA-B729-4657C4ECE651}.Debug|Any CPU.Build.0 = Debug|Any CPU
		{145E534B-C535-4AEA-B729-4657C4ECE651}.Release|Any CPU.ActiveCfg = Release|Any CPU
		{145E534B-C535-4AEA-B729-4657C4ECE651}.Release|Any CPU.Build.0 = Release|Any CPU
		{54452064-A2AC-4575-8D03-EE6A4A49698B}.Debug|Any CPU.ActiveCfg = Debug|Any CPU
		{54452064-A2AC-4575-8D03-EE6A4A49698B}.Debug|Any CPU.Build.0 = Debug|Any CPU
		{54452064-A2AC-4575-8D03-EE6A4A49698B}.Release|Any CPU.ActiveCfg = Release|Any CPU
		{54452064-A2AC-4575-8D03-EE6A4A49698B}.Release|Any CPU.Build.0 = Release|Any CPU
		{7431BB28-BE42-4BA0-8A2B-411F582ACF3A}.Debug|Any CPU.ActiveCfg = Debug|Any CPU
		{7431BB28-BE42-4BA0-8A2B-411F582ACF3A}.Debug|Any CPU.Build.0 = Debug|Any CPU
		{7431BB28-BE42-4BA0-8A2B-411F582ACF3A}.Release|Any CPU.ActiveCfg = Release|Any CPU
		{7431BB28-BE42-4BA0-8A2B-411F582ACF3A}.Release|Any CPU.Build.0 = Release|Any CPU
		{905CF2A4-4F56-4662-9A9E-89D75156E808}.Debug|Any CPU.ActiveCfg = Debug|Any CPU
		{905CF2A4-4F56-4662-9A9E-89D75156E808}.Debug|Any CPU.Build.0 = Debug|Any CPU
		{905CF2A4-4F56-4662-9A9E-89D75156E808}.Release|Any CPU.ActiveCfg = Release|Any CPU
		{905CF2A4-4F56-4662-9A9E-89D75156E808}.Release|Any CPU.Build.0 = Release|Any CPU
	EndGlobalSection
	GlobalSection(SolutionProperties) = preSolution
		HideSolutionNode = FALSE
	EndGlobalSection
	GlobalSection(ExtensibilityGlobals) = postSolution
		SolutionGuid = {2FF3E302-1E4E-4F42-9CC5-BCC43F29148B}
	EndGlobalSection
EndGlobal
