
Microsoft Visual Studio Solution File, Format Version 12.00
# Visual Studio 15
VisualStudioVersion = 15.0.27703.2035
MinimumVisualStudioVersion = 10.0.40219.1
Project("{FAE04EC0-301F-11D3-BF4B-00C04F79EFBC}") = "TreeStructure", "TreeStructure\TreeStructure.csproj", "{010428DA-457E-49B3-9FF8-63936257A9A7}"
EndProject
Project("{FAE04EC0-301F-11D3-BF4B-00C04F79EFBC}") = "BinaryTreeStructure", "BinaryTreeStructure\BinaryTreeStructure.csproj", "{6B0CFBC3-3B48-4AE0-8541-B6126FAB396A}"
EndProject
Global
	GlobalSection(SolutionConfigurationPlatforms) = preSolution
		Debug|Any CPU = Debug|Any CPU
		Release|Any CPU = Release|Any CPU
	EndGlobalSection
	GlobalSection(ProjectConfigurationPlatforms) = postSolution
		{010428DA-457E-49B3-9FF8-63936257A9A7}.Debug|Any CPU.ActiveCfg = Debug|Any CPU
		{010428DA-457E-49B3-9FF8-63936257A9A7}.Debug|Any CPU.Build.0 = Debug|Any CPU
		{010428DA-457E-49B3-9FF8-63936257A9A7}.Release|Any CPU.ActiveCfg = Release|Any CPU
		{010428DA-457E-49B3-9FF8-63936257A9A7}.Release|Any CPU.Build.0 = Release|Any CPU
		{6B0CFBC3-3B48-4AE0-8541-B6126FAB396A}.Debug|Any CPU.ActiveCfg = Debug|Any CPU
		{6B0CFBC3-3B48-4AE0-8541-B6126FAB396A}.Debug|Any CPU.Build.0 = Debug|Any CPU
		{6B0CFBC3-3B48-4AE0-8541-B6126FAB396A}.Release|Any CPU.ActiveCfg = Release|Any CPU
		{6B0CFBC3-3B48-4AE0-8541-B6126FAB396A}.Release|Any CPU.Build.0 = Release|Any CPU
	EndGlobalSection
	GlobalSection(SolutionProperties) = preSolution
		HideSolutionNode = FALSE
	EndGlobalSection
	GlobalSection(ExtensibilityGlobals) = postSolution
		SolutionGuid = {29A66335-2E6D-4405-BB05-08DE8DD78F91}
	EndGlobalSection
EndGlobal
