
Microsoft Visual Studio Solution File, Format Version 12.00
# Visual Studio 15
VisualStudioVersion = 15.0.27703.2035
MinimumVisualStudioVersion = 10.0.40219.1
Project("{FAE04EC0-301F-11D3-BF4B-00C04F79EFBC}") = "MagicNumbersThreeLoops", "PrinciplesOfProgramming\MagicNumbersThreeLoops.csproj", "{7F13D6A3-68E5-46EA-B2A2-CBCFB9BF3477}"
EndProject
Project("{FAE04EC0-301F-11D3-BF4B-00C04F79EFBC}") = "SpiralToN", "ConsoleApp1\SpiralToN.csproj", "{1CCC7172-DD57-439A-96D9-01E479B0C8F3}"
EndProject
Project("{FAE04EC0-301F-11D3-BF4B-00C04F79EFBC}") = "SpiralNM", "SpiralNM\SpiralNM.csproj", "{C3CA5CD7-BC78-4581-A6AF-D0E7C22806F2}"
EndProject
Project("{FAE04EC0-301F-11D3-BF4B-00C04F79EFBC}") = "PascalTriangle", "PascalTriangle\PascalTriangle.csproj", "{C22ABF47-FA8B-4962-8E05-735211C4900A}"
EndProject
Project("{FAE04EC0-301F-11D3-BF4B-00C04F79EFBC}") = "MaxLenghtIncreasingElements", "MaxLenghtIncreasingElements\MaxLenghtIncreasingElements.csproj", "{070B442E-D3D2-47C0-931E-BC883A10B279}"
EndProject
Project("{FAE04EC0-301F-11D3-BF4B-00C04F79EFBC}") = "MaxSumOfConsecutiveElements", "MaxSumOfConsecutiveElements\MaxSumOfConsecutiveElements.csproj", "{C09F3D1A-1648-4F1E-B2DD-9AF6924C3C40}"
EndProject
Project("{FAE04EC0-301F-11D3-BF4B-00C04F79EFBC}") = "SelectionSort", "SelectionSort\SelectionSort.csproj", "{ECF7C2A3-0862-44CE-A2B4-157DB1653D59}"
EndProject
Project("{FAE04EC0-301F-11D3-BF4B-00C04F79EFBC}") = "InsertionSort", "InsertionSort\InsertionSort.csproj", "{923D518C-2210-4EDC-92D8-9F378D29FD10}"
EndProject
Project("{FAE04EC0-301F-11D3-BF4B-00C04F79EFBC}") = "1-Methods", "1-Methods\1-Methods.csproj", "{464A0ADE-1E1D-468C-B216-F4B90737C9D6}"
EndProject
Project("{FAE04EC0-301F-11D3-BF4B-00C04F79EFBC}") = "MaxConsecutiveSum", "MaxConsecutiveSum\MaxConsecutiveSum.csproj", "{50934113-1A73-4158-9402-29B10CFA0C03}"
EndProject
Project("{FAE04EC0-301F-11D3-BF4B-00C04F79EFBC}") = "DiagonalMatrix", "DiagonalMatrix\DiagonalMatrix.csproj", "{B652EB6B-94CA-4CC4-89E8-679A53FC7D68}"
EndProject
Project("{FAE04EC0-301F-11D3-BF4B-00C04F79EFBC}") = "FindExactSumInArray-toDo!!!!", "FindExactSumInArray\FindExactSumInArray-toDo!!!!.csproj", "{61E4850F-6912-48FB-B372-51CBBA207F98}"
EndProject
Global
	GlobalSection(SolutionConfigurationPlatforms) = preSolution
		Debug|Any CPU = Debug|Any CPU
		Release|Any CPU = Release|Any CPU
	EndGlobalSection
	GlobalSection(ProjectConfigurationPlatforms) = postSolution
		{7F13D6A3-68E5-46EA-B2A2-CBCFB9BF3477}.Debug|Any CPU.ActiveCfg = Debug|Any CPU
		{7F13D6A3-68E5-46EA-B2A2-CBCFB9BF3477}.Debug|Any CPU.Build.0 = Debug|Any CPU
		{7F13D6A3-68E5-46EA-B2A2-CBCFB9BF3477}.Release|Any CPU.ActiveCfg = Release|Any CPU
		{7F13D6A3-68E5-46EA-B2A2-CBCFB9BF3477}.Release|Any CPU.Build.0 = Release|Any CPU
		{1CCC7172-DD57-439A-96D9-01E479B0C8F3}.Debug|Any CPU.ActiveCfg = Debug|Any CPU
		{1CCC7172-DD57-439A-96D9-01E479B0C8F3}.Debug|Any CPU.Build.0 = Debug|Any CPU
		{1CCC7172-DD57-439A-96D9-01E479B0C8F3}.Release|Any CPU.ActiveCfg = Release|Any CPU
		{1CCC7172-DD57-439A-96D9-01E479B0C8F3}.Release|Any CPU.Build.0 = Release|Any CPU
		{C3CA5CD7-BC78-4581-A6AF-D0E7C22806F2}.Debug|Any CPU.ActiveCfg = Debug|Any CPU
		{C3CA5CD7-BC78-4581-A6AF-D0E7C22806F2}.Debug|Any CPU.Build.0 = Debug|Any CPU
		{C3CA5CD7-BC78-4581-A6AF-D0E7C22806F2}.Release|Any CPU.ActiveCfg = Release|Any CPU
		{C3CA5CD7-BC78-4581-A6AF-D0E7C22806F2}.Release|Any CPU.Build.0 = Release|Any CPU
		{C22ABF47-FA8B-4962-8E05-735211C4900A}.Debug|Any CPU.ActiveCfg = Debug|Any CPU
		{C22ABF47-FA8B-4962-8E05-735211C4900A}.Debug|Any CPU.Build.0 = Debug|Any CPU
		{C22ABF47-FA8B-4962-8E05-735211C4900A}.Release|Any CPU.ActiveCfg = Release|Any CPU
		{C22ABF47-FA8B-4962-8E05-735211C4900A}.Release|Any CPU.Build.0 = Release|Any CPU
		{070B442E-D3D2-47C0-931E-BC883A10B279}.Debug|Any CPU.ActiveCfg = Debug|Any CPU
		{070B442E-D3D2-47C0-931E-BC883A10B279}.Debug|Any CPU.Build.0 = Debug|Any CPU
		{070B442E-D3D2-47C0-931E-BC883A10B279}.Release|Any CPU.ActiveCfg = Release|Any CPU
		{070B442E-D3D2-47C0-931E-BC883A10B279}.Release|Any CPU.Build.0 = Release|Any CPU
		{C09F3D1A-1648-4F1E-B2DD-9AF6924C3C40}.Debug|Any CPU.ActiveCfg = Debug|Any CPU
		{C09F3D1A-1648-4F1E-B2DD-9AF6924C3C40}.Debug|Any CPU.Build.0 = Debug|Any CPU
		{C09F3D1A-1648-4F1E-B2DD-9AF6924C3C40}.Release|Any CPU.ActiveCfg = Release|Any CPU
		{C09F3D1A-1648-4F1E-B2DD-9AF6924C3C40}.Release|Any CPU.Build.0 = Release|Any CPU
		{ECF7C2A3-0862-44CE-A2B4-157DB1653D59}.Debug|Any CPU.ActiveCfg = Debug|Any CPU
		{ECF7C2A3-0862-44CE-A2B4-157DB1653D59}.Debug|Any CPU.Build.0 = Debug|Any CPU
		{ECF7C2A3-0862-44CE-A2B4-157DB1653D59}.Release|Any CPU.ActiveCfg = Release|Any CPU
		{ECF7C2A3-0862-44CE-A2B4-157DB1653D59}.Release|Any CPU.Build.0 = Release|Any CPU
		{923D518C-2210-4EDC-92D8-9F378D29FD10}.Debug|Any CPU.ActiveCfg = Debug|Any CPU
		{923D518C-2210-4EDC-92D8-9F378D29FD10}.Debug|Any CPU.Build.0 = Debug|Any CPU
		{923D518C-2210-4EDC-92D8-9F378D29FD10}.Release|Any CPU.ActiveCfg = Release|Any CPU
		{923D518C-2210-4EDC-92D8-9F378D29FD10}.Release|Any CPU.Build.0 = Release|Any CPU
		{464A0ADE-1E1D-468C-B216-F4B90737C9D6}.Debug|Any CPU.ActiveCfg = Debug|Any CPU
		{464A0ADE-1E1D-468C-B216-F4B90737C9D6}.Debug|Any CPU.Build.0 = Debug|Any CPU
		{464A0ADE-1E1D-468C-B216-F4B90737C9D6}.Release|Any CPU.ActiveCfg = Release|Any CPU
		{464A0ADE-1E1D-468C-B216-F4B90737C9D6}.Release|Any CPU.Build.0 = Release|Any CPU
		{50934113-1A73-4158-9402-29B10CFA0C03}.Debug|Any CPU.ActiveCfg = Debug|Any CPU
		{50934113-1A73-4158-9402-29B10CFA0C03}.Debug|Any CPU.Build.0 = Debug|Any CPU
		{50934113-1A73-4158-9402-29B10CFA0C03}.Release|Any CPU.ActiveCfg = Release|Any CPU
		{50934113-1A73-4158-9402-29B10CFA0C03}.Release|Any CPU.Build.0 = Release|Any CPU
		{B652EB6B-94CA-4CC4-89E8-679A53FC7D68}.Debug|Any CPU.ActiveCfg = Debug|Any CPU
		{B652EB6B-94CA-4CC4-89E8-679A53FC7D68}.Debug|Any CPU.Build.0 = Debug|Any CPU
		{B652EB6B-94CA-4CC4-89E8-679A53FC7D68}.Release|Any CPU.ActiveCfg = Release|Any CPU
		{B652EB6B-94CA-4CC4-89E8-679A53FC7D68}.Release|Any CPU.Build.0 = Release|Any CPU
		{61E4850F-6912-48FB-B372-51CBBA207F98}.Debug|Any CPU.ActiveCfg = Debug|Any CPU
		{61E4850F-6912-48FB-B372-51CBBA207F98}.Debug|Any CPU.Build.0 = Debug|Any CPU
		{61E4850F-6912-48FB-B372-51CBBA207F98}.Release|Any CPU.ActiveCfg = Release|Any CPU
		{61E4850F-6912-48FB-B372-51CBBA207F98}.Release|Any CPU.Build.0 = Release|Any CPU
	EndGlobalSection
	GlobalSection(SolutionProperties) = preSolution
		HideSolutionNode = FALSE
	EndGlobalSection
	GlobalSection(ExtensibilityGlobals) = postSolution
		SolutionGuid = {1CE602EB-CDE1-455D-A92F-6FAE759255CE}
	EndGlobalSection
EndGlobal
