
Microsoft Visual Studio Solution File, Format Version 12.00
# Visual Studio 15
VisualStudioVersion = 15.0.27703.2035
MinimumVisualStudioVersion = 10.0.40219.1
Project("{FAE04EC0-301F-11D3-BF4B-00C04F79EFBC}") = "3-1-1", "3-1-proverki\3-1-1.csproj", "{2B82BE22-F682-4EF4-B750-71DC56893D57}"
EndProject
Project("{FAE04EC0-301F-11D3-BF4B-00C04F79EFBC}") = "3-1-2", "3-1-2\3-1-2.csproj", "{CDFC8334-5DAA-49AD-AF34-F79E60AAD91C}"
EndProject
Project("{FAE04EC0-301F-11D3-BF4B-00C04F79EFBC}") = "3-1-3", "3-1-3\3-1-3.csproj", "{8B2E27BD-576C-447C-89C0-8ED1301FFC92}"
EndProject
Project("{FAE04EC0-301F-11D3-BF4B-00C04F79EFBC}") = "3-1-4", "3-1-4\3-1-4.csproj", "{BC96134B-345E-4535-B873-F9A77BD5FA34}"
EndProject
Project("{FAE04EC0-301F-11D3-BF4B-00C04F79EFBC}") = "3-1-5", "3-1-5\3-1-5.csproj", "{CFCA4081-66AA-4379-BCC9-C6B15B796E31}"
EndProject
Project("{FAE04EC0-301F-11D3-BF4B-00C04F79EFBC}") = "3-1-6", "3-1-6\3-1-6.csproj", "{21958A47-E1AA-40F8-AA18-EE598E92AF13}"
EndProject
Project("{FAE04EC0-301F-11D3-BF4B-00C04F79EFBC}") = "3-1-7", "3-1-7\3-1-7.csproj", "{3B02C7F1-2684-4A44-BBD8-12DDCE13EA24}"
EndProject
Project("{FAE04EC0-301F-11D3-BF4B-00C04F79EFBC}") = "3-1-8", "3-1-8\3-1-8.csproj", "{806711D5-1A6A-4753-8C19-B93AB9215674}"
EndProject
Project("{FAE04EC0-301F-11D3-BF4B-00C04F79EFBC}") = "3-1-9", "3-1-9\3-1-9.csproj", "{24FF5B0F-3F50-4CB6-89C5-7E93735F85B2}"
EndProject
Project("{FAE04EC0-301F-11D3-BF4B-00C04F79EFBC}") = "3-1-10", "3-1-10\3-1-10.csproj", "{5EC1D150-EE0C-490D-99B7-3E8E7DB2B021}"
EndProject
Project("{FAE04EC0-301F-11D3-BF4B-00C04F79EFBC}") = "3-1-11", "3-1-11\3-1-11.csproj", "{982946CA-B946-4AC1-BA17-4A18C1F7F1C5}"
EndProject
Project("{FAE04EC0-301F-11D3-BF4B-00C04F79EFBC}") = "3-1-12", "3-1-12\3-1-12.csproj", "{8B544F33-06EE-426D-B289-166AE331F786}"
EndProject
Project("{FAE04EC0-301F-11D3-BF4B-00C04F79EFBC}") = "3-1-13", "3-1-13\3-1-13.csproj", "{77E8150D-7CD3-4C0F-A1C7-7A0172656B57}"
EndProject
Project("{FAE04EC0-301F-11D3-BF4B-00C04F79EFBC}") = "3-1-14", "3-1-14\3-1-14.csproj", "{0A3DE290-A115-4C29-BD3D-9A09C6F43D96}"
EndProject
Project("{FAE04EC0-301F-11D3-BF4B-00C04F79EFBC}") = "3-1-15", "3-1-15\3-1-15.csproj", "{25B77C82-8DF0-40E7-8A6D-087484895F8F}"
EndProject
Project("{FAE04EC0-301F-11D3-BF4B-00C04F79EFBC}") = "3-1-16", "3-1-16\3-1-16.csproj", "{74C7284B-FAA9-40C5-BAA3-FCF743D9F9E5}"
EndProject
Project("{FAE04EC0-301F-11D3-BF4B-00C04F79EFBC}") = "3-1-17", "3-1-17\3-1-17.csproj", "{5766EA4B-6B47-45D4-A681-7B5431C97F86}"
EndProject
Global
	GlobalSection(SolutionConfigurationPlatforms) = preSolution
		Debug|Any CPU = Debug|Any CPU
		Release|Any CPU = Release|Any CPU
	EndGlobalSection
	GlobalSection(ProjectConfigurationPlatforms) = postSolution
		{2B82BE22-F682-4EF4-B750-71DC56893D57}.Debug|Any CPU.ActiveCfg = Debug|Any CPU
		{2B82BE22-F682-4EF4-B750-71DC56893D57}.Debug|Any CPU.Build.0 = Debug|Any CPU
		{2B82BE22-F682-4EF4-B750-71DC56893D57}.Release|Any CPU.ActiveCfg = Release|Any CPU
		{2B82BE22-F682-4EF4-B750-71DC56893D57}.Release|Any CPU.Build.0 = Release|Any CPU
		{CDFC8334-5DAA-49AD-AF34-F79E60AAD91C}.Debug|Any CPU.ActiveCfg = Debug|Any CPU
		{CDFC8334-5DAA-49AD-AF34-F79E60AAD91C}.Debug|Any CPU.Build.0 = Debug|Any CPU
		{CDFC8334-5DAA-49AD-AF34-F79E60AAD91C}.Release|Any CPU.ActiveCfg = Release|Any CPU
		{CDFC8334-5DAA-49AD-AF34-F79E60AAD91C}.Release|Any CPU.Build.0 = Release|Any CPU
		{8B2E27BD-576C-447C-89C0-8ED1301FFC92}.Debug|Any CPU.ActiveCfg = Debug|Any CPU
		{8B2E27BD-576C-447C-89C0-8ED1301FFC92}.Debug|Any CPU.Build.0 = Debug|Any CPU
		{8B2E27BD-576C-447C-89C0-8ED1301FFC92}.Release|Any CPU.ActiveCfg = Release|Any CPU
		{8B2E27BD-576C-447C-89C0-8ED1301FFC92}.Release|Any CPU.Build.0 = Release|Any CPU
		{BC96134B-345E-4535-B873-F9A77BD5FA34}.Debug|Any CPU.ActiveCfg = Debug|Any CPU
		{BC96134B-345E-4535-B873-F9A77BD5FA34}.Debug|Any CPU.Build.0 = Debug|Any CPU
		{BC96134B-345E-4535-B873-F9A77BD5FA34}.Release|Any CPU.ActiveCfg = Release|Any CPU
		{BC96134B-345E-4535-B873-F9A77BD5FA34}.Release|Any CPU.Build.0 = Release|Any CPU
		{CFCA4081-66AA-4379-BCC9-C6B15B796E31}.Debug|Any CPU.ActiveCfg = Debug|Any CPU
		{CFCA4081-66AA-4379-BCC9-C6B15B796E31}.Debug|Any CPU.Build.0 = Debug|Any CPU
		{CFCA4081-66AA-4379-BCC9-C6B15B796E31}.Release|Any CPU.ActiveCfg = Release|Any CPU
		{CFCA4081-66AA-4379-BCC9-C6B15B796E31}.Release|Any CPU.Build.0 = Release|Any CPU
		{21958A47-E1AA-40F8-AA18-EE598E92AF13}.Debug|Any CPU.ActiveCfg = Debug|Any CPU
		{21958A47-E1AA-40F8-AA18-EE598E92AF13}.Debug|Any CPU.Build.0 = Debug|Any CPU
		{21958A47-E1AA-40F8-AA18-EE598E92AF13}.Release|Any CPU.ActiveCfg = Release|Any CPU
		{21958A47-E1AA-40F8-AA18-EE598E92AF13}.Release|Any CPU.Build.0 = Release|Any CPU
		{3B02C7F1-2684-4A44-BBD8-12DDCE13EA24}.Debug|Any CPU.ActiveCfg = Debug|Any CPU
		{3B02C7F1-2684-4A44-BBD8-12DDCE13EA24}.Debug|Any CPU.Build.0 = Debug|Any CPU
		{3B02C7F1-2684-4A44-BBD8-12DDCE13EA24}.Release|Any CPU.ActiveCfg = Release|Any CPU
		{3B02C7F1-2684-4A44-BBD8-12DDCE13EA24}.Release|Any CPU.Build.0 = Release|Any CPU
		{806711D5-1A6A-4753-8C19-B93AB9215674}.Debug|Any CPU.ActiveCfg = Debug|Any CPU
		{806711D5-1A6A-4753-8C19-B93AB9215674}.Debug|Any CPU.Build.0 = Debug|Any CPU
		{806711D5-1A6A-4753-8C19-B93AB9215674}.Release|Any CPU.ActiveCfg = Release|Any CPU
		{806711D5-1A6A-4753-8C19-B93AB9215674}.Release|Any CPU.Build.0 = Release|Any CPU
		{24FF5B0F-3F50-4CB6-89C5-7E93735F85B2}.Debug|Any CPU.ActiveCfg = Debug|Any CPU
		{24FF5B0F-3F50-4CB6-89C5-7E93735F85B2}.Debug|Any CPU.Build.0 = Debug|Any CPU
		{24FF5B0F-3F50-4CB6-89C5-7E93735F85B2}.Release|Any CPU.ActiveCfg = Release|Any CPU
		{24FF5B0F-3F50-4CB6-89C5-7E93735F85B2}.Release|Any CPU.Build.0 = Release|Any CPU
		{5EC1D150-EE0C-490D-99B7-3E8E7DB2B021}.Debug|Any CPU.ActiveCfg = Debug|Any CPU
		{5EC1D150-EE0C-490D-99B7-3E8E7DB2B021}.Debug|Any CPU.Build.0 = Debug|Any CPU
		{5EC1D150-EE0C-490D-99B7-3E8E7DB2B021}.Release|Any CPU.ActiveCfg = Release|Any CPU
		{5EC1D150-EE0C-490D-99B7-3E8E7DB2B021}.Release|Any CPU.Build.0 = Release|Any CPU
		{982946CA-B946-4AC1-BA17-4A18C1F7F1C5}.Debug|Any CPU.ActiveCfg = Debug|Any CPU
		{982946CA-B946-4AC1-BA17-4A18C1F7F1C5}.Debug|Any CPU.Build.0 = Debug|Any CPU
		{982946CA-B946-4AC1-BA17-4A18C1F7F1C5}.Release|Any CPU.ActiveCfg = Release|Any CPU
		{982946CA-B946-4AC1-BA17-4A18C1F7F1C5}.Release|Any CPU.Build.0 = Release|Any CPU
		{8B544F33-06EE-426D-B289-166AE331F786}.Debug|Any CPU.ActiveCfg = Debug|Any CPU
		{8B544F33-06EE-426D-B289-166AE331F786}.Debug|Any CPU.Build.0 = Debug|Any CPU
		{8B544F33-06EE-426D-B289-166AE331F786}.Release|Any CPU.ActiveCfg = Release|Any CPU
		{8B544F33-06EE-426D-B289-166AE331F786}.Release|Any CPU.Build.0 = Release|Any CPU
		{77E8150D-7CD3-4C0F-A1C7-7A0172656B57}.Debug|Any CPU.ActiveCfg = Debug|Any CPU
		{77E8150D-7CD3-4C0F-A1C7-7A0172656B57}.Debug|Any CPU.Build.0 = Debug|Any CPU
		{77E8150D-7CD3-4C0F-A1C7-7A0172656B57}.Release|Any CPU.ActiveCfg = Release|Any CPU
		{77E8150D-7CD3-4C0F-A1C7-7A0172656B57}.Release|Any CPU.Build.0 = Release|Any CPU
		{0A3DE290-A115-4C29-BD3D-9A09C6F43D96}.Debug|Any CPU.ActiveCfg = Debug|Any CPU
		{0A3DE290-A115-4C29-BD3D-9A09C6F43D96}.Debug|Any CPU.Build.0 = Debug|Any CPU
		{0A3DE290-A115-4C29-BD3D-9A09C6F43D96}.Release|Any CPU.ActiveCfg = Release|Any CPU
		{0A3DE290-A115-4C29-BD3D-9A09C6F43D96}.Release|Any CPU.Build.0 = Release|Any CPU
		{25B77C82-8DF0-40E7-8A6D-087484895F8F}.Debug|Any CPU.ActiveCfg = Debug|Any CPU
		{25B77C82-8DF0-40E7-8A6D-087484895F8F}.Debug|Any CPU.Build.0 = Debug|Any CPU
		{25B77C82-8DF0-40E7-8A6D-087484895F8F}.Release|Any CPU.ActiveCfg = Release|Any CPU
		{25B77C82-8DF0-40E7-8A6D-087484895F8F}.Release|Any CPU.Build.0 = Release|Any CPU
		{74C7284B-FAA9-40C5-BAA3-FCF743D9F9E5}.Debug|Any CPU.ActiveCfg = Debug|Any CPU
		{74C7284B-FAA9-40C5-BAA3-FCF743D9F9E5}.Debug|Any CPU.Build.0 = Debug|Any CPU
		{74C7284B-FAA9-40C5-BAA3-FCF743D9F9E5}.Release|Any CPU.ActiveCfg = Release|Any CPU
		{74C7284B-FAA9-40C5-BAA3-FCF743D9F9E5}.Release|Any CPU.Build.0 = Release|Any CPU
		{5766EA4B-6B47-45D4-A681-7B5431C97F86}.Debug|Any CPU.ActiveCfg = Debug|Any CPU
		{5766EA4B-6B47-45D4-A681-7B5431C97F86}.Debug|Any CPU.Build.0 = Debug|Any CPU
		{5766EA4B-6B47-45D4-A681-7B5431C97F86}.Release|Any CPU.ActiveCfg = Release|Any CPU
		{5766EA4B-6B47-45D4-A681-7B5431C97F86}.Release|Any CPU.Build.0 = Release|Any CPU
	EndGlobalSection
	GlobalSection(SolutionProperties) = preSolution
		HideSolutionNode = FALSE
	EndGlobalSection
	GlobalSection(ExtensibilityGlobals) = postSolution
		SolutionGuid = {20F6542E-A187-4ABD-878C-A8D18B65EBC9}
	EndGlobalSection
EndGlobal
