
Microsoft Visual Studio Solution File, Format Version 12.00
# Visual Studio 15
VisualStudioVersion = 15.0.27703.2035
MinimumVisualStudioVersion = 10.0.40219.1
Project("{FAE04EC0-301F-11D3-BF4B-00C04F79EFBC}") = "2-1-7", "2-1-7\2-1-7.csproj", "{2FD4D51E-A548-4021-8E4D-25E23AE20045}"
EndProject
Global
	GlobalSection(SolutionConfigurationPlatforms) = preSolution
		Debug|Any CPU = Debug|Any CPU
		Release|Any CPU = Release|Any CPU
	EndGlobalSection
	GlobalSection(ProjectConfigurationPlatforms) = postSolution
		{2FD4D51E-A548-4021-8E4D-25E23AE20045}.Debug|Any CPU.ActiveCfg = Debug|Any CPU
		{2FD4D51E-A548-4021-8E4D-25E23AE20045}.Debug|Any CPU.Build.0 = Debug|Any CPU
		{2FD4D51E-A548-4021-8E4D-25E23AE20045}.Release|Any CPU.ActiveCfg = Release|Any CPU
		{2FD4D51E-A548-4021-8E4D-25E23AE20045}.Release|Any CPU.Build.0 = Release|Any CPU
	EndGlobalSection
	GlobalSection(SolutionProperties) = preSolution
		HideSolutionNode = FALSE
	EndGlobalSection
	GlobalSection(ExtensibilityGlobals) = postSolution
		SolutionGuid = {B6698743-3D40-458B-8506-3CF681F4C54E}
	EndGlobalSection
EndGlobal
