
Microsoft Visual Studio Solution File, Format Version 12.00
# Visual Studio 15
VisualStudioVersion = 15.0.27703.2035
MinimumVisualStudioVersion = 10.0.40219.1
Project("{FAE04EC0-301F-11D3-BF4B-00C04F79EFBC}") = "03.Nums1To20-2", "ConsoleApp3\03.Nums1To20-2.csproj", "{C4E4B032-3517-4FC9-AB32-C4F6EC9426F9}"
EndProject
Global
	GlobalSection(SolutionConfigurationPlatforms) = preSolution
		Debug|Any CPU = Debug|Any CPU
		Release|Any CPU = Release|Any CPU
	EndGlobalSection
	GlobalSection(ProjectConfigurationPlatforms) = postSolution
		{C4E4B032-3517-4FC9-AB32-C4F6EC9426F9}.Debug|Any CPU.ActiveCfg = Debug|Any CPU
		{C4E4B032-3517-4FC9-AB32-C4F6EC9426F9}.Debug|Any CPU.Build.0 = Debug|Any CPU
		{C4E4B032-3517-4FC9-AB32-C4F6EC9426F9}.Release|Any CPU.ActiveCfg = Release|Any CPU
		{C4E4B032-3517-4FC9-AB32-C4F6EC9426F9}.Release|Any CPU.Build.0 = Release|Any CPU
	EndGlobalSection
	GlobalSection(SolutionProperties) = preSolution
		HideSolutionNode = FALSE
	EndGlobalSection
	GlobalSection(ExtensibilityGlobals) = postSolution
		SolutionGuid = {158E6E08-59EE-4102-8B2E-F84410A3977A}
	EndGlobalSection
EndGlobal
