
Microsoft Visual Studio Solution File, Format Version 12.00
# Visual Studio 15
VisualStudioVersion = 15.0.27703.2035
MinimumVisualStudioVersion = 10.0.40219.1
Project("{FAE04EC0-301F-11D3-BF4B-00C04F79EFBC}") = "2-2-1", "2-2-Simple_calc-Examm\2-2-1.csproj", "{B89E91F1-D13D-4F42-AB84-99833C6CEFBD}"
EndProject
Project("{FAE04EC0-301F-11D3-BF4B-00C04F79EFBC}") = "2-2-2", "2-2-2\2-2-2.csproj", "{EE2B2780-652E-4C4E-A8E6-E8513069FE56}"
EndProject
Project("{FAE04EC0-301F-11D3-BF4B-00C04F79EFBC}") = "2-2-3", "2-2-3\2-2-3.csproj", "{596C0141-4E91-4D78-B0D2-835FDC2CCBFD}"
EndProject
Project("{FAE04EC0-301F-11D3-BF4B-00C04F79EFBC}") = "2-2-4", "2-2-4\2-2-4.csproj", "{F57BA026-9733-4BAE-BCDC-93B101B91ABD}"
EndProject
Project("{FAE04EC0-301F-11D3-BF4B-00C04F79EFBC}") = "2-2-5", "2-2-5\2-2-5.csproj", "{F6322452-175B-4ADA-990C-7C7467B06044}"
EndProject
Global
	GlobalSection(SolutionConfigurationPlatforms) = preSolution
		Debug|Any CPU = Debug|Any CPU
		Release|Any CPU = Release|Any CPU
	EndGlobalSection
	GlobalSection(ProjectConfigurationPlatforms) = postSolution
		{B89E91F1-D13D-4F42-AB84-99833C6CEFBD}.Debug|Any CPU.ActiveCfg = Debug|Any CPU
		{B89E91F1-D13D-4F42-AB84-99833C6CEFBD}.Debug|Any CPU.Build.0 = Debug|Any CPU
		{B89E91F1-D13D-4F42-AB84-99833C6CEFBD}.Release|Any CPU.ActiveCfg = Release|Any CPU
		{B89E91F1-D13D-4F42-AB84-99833C6CEFBD}.Release|Any CPU.Build.0 = Release|Any CPU
		{EE2B2780-652E-4C4E-A8E6-E8513069FE56}.Debug|Any CPU.ActiveCfg = Debug|Any CPU
		{EE2B2780-652E-4C4E-A8E6-E8513069FE56}.Debug|Any CPU.Build.0 = Debug|Any CPU
		{EE2B2780-652E-4C4E-A8E6-E8513069FE56}.Release|Any CPU.ActiveCfg = Release|Any CPU
		{EE2B2780-652E-4C4E-A8E6-E8513069FE56}.Release|Any CPU.Build.0 = Release|Any CPU
		{596C0141-4E91-4D78-B0D2-835FDC2CCBFD}.Debug|Any CPU.ActiveCfg = Debug|Any CPU
		{596C0141-4E91-4D78-B0D2-835FDC2CCBFD}.Debug|Any CPU.Build.0 = Debug|Any CPU
		{596C0141-4E91-4D78-B0D2-835FDC2CCBFD}.Release|Any CPU.ActiveCfg = Release|Any CPU
		{596C0141-4E91-4D78-B0D2-835FDC2CCBFD}.Release|Any CPU.Build.0 = Release|Any CPU
		{F57BA026-9733-4BAE-BCDC-93B101B91ABD}.Debug|Any CPU.ActiveCfg = Debug|Any CPU
		{F57BA026-9733-4BAE-BCDC-93B101B91ABD}.Debug|Any CPU.Build.0 = Debug|Any CPU
		{F57BA026-9733-4BAE-BCDC-93B101B91ABD}.Release|Any CPU.ActiveCfg = Release|Any CPU
		{F57BA026-9733-4BAE-BCDC-93B101B91ABD}.Release|Any CPU.Build.0 = Release|Any CPU
		{F6322452-175B-4ADA-990C-7C7467B06044}.Debug|Any CPU.ActiveCfg = Debug|Any CPU
		{F6322452-175B-4ADA-990C-7C7467B06044}.Debug|Any CPU.Build.0 = Debug|Any CPU
		{F6322452-175B-4ADA-990C-7C7467B06044}.Release|Any CPU.ActiveCfg = Release|Any CPU
		{F6322452-175B-4ADA-990C-7C7467B06044}.Release|Any CPU.Build.0 = Release|Any CPU
	EndGlobalSection
	GlobalSection(SolutionProperties) = preSolution
		HideSolutionNode = FALSE
	EndGlobalSection
	GlobalSection(ExtensibilityGlobals) = postSolution
		SolutionGuid = {E4BD1BFC-C5FC-4AA5-A156-86A2D402046D}
	EndGlobalSection
EndGlobal
