
Microsoft Visual Studio Solution File, Format Version 12.00
# Visual Studio 15
VisualStudioVersion = 15.0.27703.2035
MinimumVisualStudioVersion = 10.0.40219.1
Project("{FAE04EC0-301F-11D3-BF4B-00C04F79EFBC}") = "10-1-1", "10-1-\10-1-1.csproj", "{30BE22B9-B560-4DC4-BD57-EF42C9CAC1FA}"
EndProject
Project("{FAE04EC0-301F-11D3-BF4B-00C04F79EFBC}") = "10-1-2", "10-1-2\10-1-2.csproj", "{9B34BBF2-D051-4670-96A2-DB2C5D24522D}"
EndProject
Project("{FAE04EC0-301F-11D3-BF4B-00C04F79EFBC}") = "10-1-3", "10-1-3\10-1-3.csproj", "{57D1D966-AA3F-486A-8E7A-B6AE32821319}"
EndProject
Project("{FAE04EC0-301F-11D3-BF4B-00C04F79EFBC}") = "10-1-4", "10-1-4\10-1-4.csproj", "{C3613346-8FE6-45FF-9E01-0E215BB651A9}"
EndProject
Project("{FAE04EC0-301F-11D3-BF4B-00C04F79EFBC}") = "10-1-5", "10-1-5\10-1-5.csproj", "{DEECEB75-8409-425B-A53F-CA23B4258210}"
EndProject
Project("{FAE04EC0-301F-11D3-BF4B-00C04F79EFBC}") = "10-1-6", "10-1-6\10-1-6.csproj", "{4FBAEF83-D27D-4A99-9A90-810C5A3EE49D}"
EndProject
Project("{FAE04EC0-301F-11D3-BF4B-00C04F79EFBC}") = "10-1-7", "10-1-7\10-1-7.csproj", "{8BAD47FD-A603-4698-AC0C-A0B5CFB0D285}"
EndProject
Project("{FAE04EC0-301F-11D3-BF4B-00C04F79EFBC}") = "10-1-8", "10-1-8\10-1-8.csproj", "{43EBA8D5-DDDA-4AAA-80F8-AA4C780EF1CE}"
EndProject
Project("{FAE04EC0-301F-11D3-BF4B-00C04F79EFBC}") = "10-1-9", "10-1-9\10-1-9.csproj", "{C7CA5D34-ABF0-4CE0-91E7-EF3842EA8DE5}"
EndProject
Project("{FAE04EC0-301F-11D3-BF4B-00C04F79EFBC}") = "10-1-10", "10-1-10\10-1-10.csproj", "{D74192DB-1988-4378-A95E-4048F9370669}"
EndProject
Project("{FAE04EC0-301F-11D3-BF4B-00C04F79EFBC}") = "10-1-11", "10-1-11\10-1-11.csproj", "{2BAB757C-8813-4FAF-BCE1-DFDE3E28047A}"
EndProject
Project("{FAE04EC0-301F-11D3-BF4B-00C04F79EFBC}") = "10-1-12", "10-1-12\10-1-12.csproj", "{7113BAE9-593F-4EC6-B54D-D914352E5A74}"
EndProject
Project("{FAE04EC0-301F-11D3-BF4B-00C04F79EFBC}") = "10-1-13", "10-1-13\10-1-13.csproj", "{F2403972-3D3D-49CE-8DD0-04B326D88D22}"
EndProject
Project("{FAE04EC0-301F-11D3-BF4B-00C04F79EFBC}") = "10-1-test", "10-1-test\10-1-test.csproj", "{F0A2DD46-C2DE-449C-AE75-81A7A04F8688}"
EndProject
Project("{FAE04EC0-301F-11D3-BF4B-00C04F79EFBC}") = "10-1-14", "10-1-14\10-1-14.csproj", "{CB11E857-4BD8-448D-B22B-7A90AC8A7BCC}"
EndProject
Project("{FAE04EC0-301F-11D3-BF4B-00C04F79EFBC}") = "10-1-15", "10-1-15\10-1-15.csproj", "{86D579D9-2CF6-4162-B3B8-1DA1A843A3E9}"
EndProject
Global
	GlobalSection(SolutionConfigurationPlatforms) = preSolution
		Debug|Any CPU = Debug|Any CPU
		Release|Any CPU = Release|Any CPU
	EndGlobalSection
	GlobalSection(ProjectConfigurationPlatforms) = postSolution
		{30BE22B9-B560-4DC4-BD57-EF42C9CAC1FA}.Debug|Any CPU.ActiveCfg = Debug|Any CPU
		{30BE22B9-B560-4DC4-BD57-EF42C9CAC1FA}.Debug|Any CPU.Build.0 = Debug|Any CPU
		{30BE22B9-B560-4DC4-BD57-EF42C9CAC1FA}.Release|Any CPU.ActiveCfg = Release|Any CPU
		{30BE22B9-B560-4DC4-BD57-EF42C9CAC1FA}.Release|Any CPU.Build.0 = Release|Any CPU
		{9B34BBF2-D051-4670-96A2-DB2C5D24522D}.Debug|Any CPU.ActiveCfg = Debug|Any CPU
		{9B34BBF2-D051-4670-96A2-DB2C5D24522D}.Debug|Any CPU.Build.0 = Debug|Any CPU
		{9B34BBF2-D051-4670-96A2-DB2C5D24522D}.Release|Any CPU.ActiveCfg = Release|Any CPU
		{9B34BBF2-D051-4670-96A2-DB2C5D24522D}.Release|Any CPU.Build.0 = Release|Any CPU
		{57D1D966-AA3F-486A-8E7A-B6AE32821319}.Debug|Any CPU.ActiveCfg = Debug|Any CPU
		{57D1D966-AA3F-486A-8E7A-B6AE32821319}.Debug|Any CPU.Build.0 = Debug|Any CPU
		{57D1D966-AA3F-486A-8E7A-B6AE32821319}.Release|Any CPU.ActiveCfg = Release|Any CPU
		{57D1D966-AA3F-486A-8E7A-B6AE32821319}.Release|Any CPU.Build.0 = Release|Any CPU
		{C3613346-8FE6-45FF-9E01-0E215BB651A9}.Debug|Any CPU.ActiveCfg = Debug|Any CPU
		{C3613346-8FE6-45FF-9E01-0E215BB651A9}.Debug|Any CPU.Build.0 = Debug|Any CPU
		{C3613346-8FE6-45FF-9E01-0E215BB651A9}.Release|Any CPU.ActiveCfg = Release|Any CPU
		{C3613346-8FE6-45FF-9E01-0E215BB651A9}.Release|Any CPU.Build.0 = Release|Any CPU
		{DEECEB75-8409-425B-A53F-CA23B4258210}.Debug|Any CPU.ActiveCfg = Debug|Any CPU
		{DEECEB75-8409-425B-A53F-CA23B4258210}.Debug|Any CPU.Build.0 = Debug|Any CPU
		{DEECEB75-8409-425B-A53F-CA23B4258210}.Release|Any CPU.ActiveCfg = Release|Any CPU
		{DEECEB75-8409-425B-A53F-CA23B4258210}.Release|Any CPU.Build.0 = Release|Any CPU
		{4FBAEF83-D27D-4A99-9A90-810C5A3EE49D}.Debug|Any CPU.ActiveCfg = Debug|Any CPU
		{4FBAEF83-D27D-4A99-9A90-810C5A3EE49D}.Debug|Any CPU.Build.0 = Debug|Any CPU
		{4FBAEF83-D27D-4A99-9A90-810C5A3EE49D}.Release|Any CPU.ActiveCfg = Release|Any CPU
		{4FBAEF83-D27D-4A99-9A90-810C5A3EE49D}.Release|Any CPU.Build.0 = Release|Any CPU
		{8BAD47FD-A603-4698-AC0C-A0B5CFB0D285}.Debug|Any CPU.ActiveCfg = Debug|Any CPU
		{8BAD47FD-A603-4698-AC0C-A0B5CFB0D285}.Debug|Any CPU.Build.0 = Debug|Any CPU
		{8BAD47FD-A603-4698-AC0C-A0B5CFB0D285}.Release|Any CPU.ActiveCfg = Release|Any CPU
		{8BAD47FD-A603-4698-AC0C-A0B5CFB0D285}.Release|Any CPU.Build.0 = Release|Any CPU
		{43EBA8D5-DDDA-4AAA-80F8-AA4C780EF1CE}.Debug|Any CPU.ActiveCfg = Debug|Any CPU
		{43EBA8D5-DDDA-4AAA-80F8-AA4C780EF1CE}.Debug|Any CPU.Build.0 = Debug|Any CPU
		{43EBA8D5-DDDA-4AAA-80F8-AA4C780EF1CE}.Release|Any CPU.ActiveCfg = Release|Any CPU
		{43EBA8D5-DDDA-4AAA-80F8-AA4C780EF1CE}.Release|Any CPU.Build.0 = Release|Any CPU
		{C7CA5D34-ABF0-4CE0-91E7-EF3842EA8DE5}.Debug|Any CPU.ActiveCfg = Debug|Any CPU
		{C7CA5D34-ABF0-4CE0-91E7-EF3842EA8DE5}.Debug|Any CPU.Build.0 = Debug|Any CPU
		{C7CA5D34-ABF0-4CE0-91E7-EF3842EA8DE5}.Release|Any CPU.ActiveCfg = Release|Any CPU
		{C7CA5D34-ABF0-4CE0-91E7-EF3842EA8DE5}.Release|Any CPU.Build.0 = Release|Any CPU
		{D74192DB-1988-4378-A95E-4048F9370669}.Debug|Any CPU.ActiveCfg = Debug|Any CPU
		{D74192DB-1988-4378-A95E-4048F9370669}.Debug|Any CPU.Build.0 = Debug|Any CPU
		{D74192DB-1988-4378-A95E-4048F9370669}.Release|Any CPU.ActiveCfg = Release|Any CPU
		{D74192DB-1988-4378-A95E-4048F9370669}.Release|Any CPU.Build.0 = Release|Any CPU
		{2BAB757C-8813-4FAF-BCE1-DFDE3E28047A}.Debug|Any CPU.ActiveCfg = Debug|Any CPU
		{2BAB757C-8813-4FAF-BCE1-DFDE3E28047A}.Debug|Any CPU.Build.0 = Debug|Any CPU
		{2BAB757C-8813-4FAF-BCE1-DFDE3E28047A}.Release|Any CPU.ActiveCfg = Release|Any CPU
		{2BAB757C-8813-4FAF-BCE1-DFDE3E28047A}.Release|Any CPU.Build.0 = Release|Any CPU
		{7113BAE9-593F-4EC6-B54D-D914352E5A74}.Debug|Any CPU.ActiveCfg = Debug|Any CPU
		{7113BAE9-593F-4EC6-B54D-D914352E5A74}.Debug|Any CPU.Build.0 = Debug|Any CPU
		{7113BAE9-593F-4EC6-B54D-D914352E5A74}.Release|Any CPU.ActiveCfg = Release|Any CPU
		{7113BAE9-593F-4EC6-B54D-D914352E5A74}.Release|Any CPU.Build.0 = Release|Any CPU
		{F2403972-3D3D-49CE-8DD0-04B326D88D22}.Debug|Any CPU.ActiveCfg = Debug|Any CPU
		{F2403972-3D3D-49CE-8DD0-04B326D88D22}.Debug|Any CPU.Build.0 = Debug|Any CPU
		{F2403972-3D3D-49CE-8DD0-04B326D88D22}.Release|Any CPU.ActiveCfg = Release|Any CPU
		{F2403972-3D3D-49CE-8DD0-04B326D88D22}.Release|Any CPU.Build.0 = Release|Any CPU
		{F0A2DD46-C2DE-449C-AE75-81A7A04F8688}.Debug|Any CPU.ActiveCfg = Debug|Any CPU
		{F0A2DD46-C2DE-449C-AE75-81A7A04F8688}.Debug|Any CPU.Build.0 = Debug|Any CPU
		{F0A2DD46-C2DE-449C-AE75-81A7A04F8688}.Release|Any CPU.ActiveCfg = Release|Any CPU
		{F0A2DD46-C2DE-449C-AE75-81A7A04F8688}.Release|Any CPU.Build.0 = Release|Any CPU
		{CB11E857-4BD8-448D-B22B-7A90AC8A7BCC}.Debug|Any CPU.ActiveCfg = Debug|Any CPU
		{CB11E857-4BD8-448D-B22B-7A90AC8A7BCC}.Debug|Any CPU.Build.0 = Debug|Any CPU
		{CB11E857-4BD8-448D-B22B-7A90AC8A7BCC}.Release|Any CPU.ActiveCfg = Release|Any CPU
		{CB11E857-4BD8-448D-B22B-7A90AC8A7BCC}.Release|Any CPU.Build.0 = Release|Any CPU
		{86D579D9-2CF6-4162-B3B8-1DA1A843A3E9}.Debug|Any CPU.ActiveCfg = Debug|Any CPU
		{86D579D9-2CF6-4162-B3B8-1DA1A843A3E9}.Debug|Any CPU.Build.0 = Debug|Any CPU
		{86D579D9-2CF6-4162-B3B8-1DA1A843A3E9}.Release|Any CPU.ActiveCfg = Release|Any CPU
		{86D579D9-2CF6-4162-B3B8-1DA1A843A3E9}.Release|Any CPU.Build.0 = Release|Any CPU
	EndGlobalSection
	GlobalSection(SolutionProperties) = preSolution
		HideSolutionNode = FALSE
	EndGlobalSection
	GlobalSection(ExtensibilityGlobals) = postSolution
		SolutionGuid = {042DCEAC-30B9-4F4E-8D26-EF1F314A859F}
	EndGlobalSection
EndGlobal
