
Microsoft Visual Studio Solution File, Format Version 12.00
# Visual Studio 15
VisualStudioVersion = 15.0.27703.2035
MinimumVisualStudioVersion = 10.0.40219.1
Project("{FAE04EC0-301F-11D3-BF4B-00C04F79EFBC}") = "2-1-6", "2-1-6\2-1-6.csproj", "{E680A580-9CE3-44B2-9674-1D8B8A1014B4}"
EndProject
Global
	GlobalSection(SolutionConfigurationPlatforms) = preSolution
		Debug|Any CPU = Debug|Any CPU
		Release|Any CPU = Release|Any CPU
	EndGlobalSection
	GlobalSection(ProjectConfigurationPlatforms) = postSolution
		{E680A580-9CE3-44B2-9674-1D8B8A1014B4}.Debug|Any CPU.ActiveCfg = Debug|Any CPU
		{E680A580-9CE3-44B2-9674-1D8B8A1014B4}.Debug|Any CPU.Build.0 = Debug|Any CPU
		{E680A580-9CE3-44B2-9674-1D8B8A1014B4}.Release|Any CPU.ActiveCfg = Release|Any CPU
		{E680A580-9CE3-44B2-9674-1D8B8A1014B4}.Release|Any CPU.Build.0 = Release|Any CPU
	EndGlobalSection
	GlobalSection(SolutionProperties) = preSolution
		HideSolutionNode = FALSE
	EndGlobalSection
	GlobalSection(ExtensibilityGlobals) = postSolution
		SolutionGuid = {2A365CA4-A3E6-4936-9FB2-637BCE3BF90F}
	EndGlobalSection
EndGlobal
