
Microsoft Visual Studio Solution File, Format Version 12.00
# Visual Studio 15
VisualStudioVersion = 15.0.27703.2035
MinimumVisualStudioVersion = 10.0.40219.1
Project("{FAE04EC0-301F-11D3-BF4B-00C04F79EFBC}") = "4-1-1", "4-1-\4-1-1.csproj", "{B262E1CB-3606-4159-95C9-DBE2BC831F2E}"
EndProject
Project("{FAE04EC0-301F-11D3-BF4B-00C04F79EFBC}") = "4-1-2", "4-1-2\4-1-2.csproj", "{7E84F937-487E-4063-875B-95D25DC49878}"
EndProject
Project("{FAE04EC0-301F-11D3-BF4B-00C04F79EFBC}") = "4-1-3", "4-1-3\4-1-3.csproj", "{AC87B64B-E5D5-4E8A-A1B4-1C9E945D2D1E}"
EndProject
Project("{FAE04EC0-301F-11D3-BF4B-00C04F79EFBC}") = "4-1-4", "4-1-4\4-1-4.csproj", "{BCDFE2EC-96E7-4D54-8DD1-790C07BC50C8}"
EndProject
Project("{FAE04EC0-301F-11D3-BF4B-00C04F79EFBC}") = "4-1-5", "4-1-5\4-1-5.csproj", "{E4B17DC9-BC0E-421F-A5BE-77E0CF0DDCF5}"
EndProject
Project("{FAE04EC0-301F-11D3-BF4B-00C04F79EFBC}") = "4-1-6", "4-1-6\4-1-6.csproj", "{FB58DE10-98ED-45AC-9EDF-88443F271C77}"
EndProject
Project("{FAE04EC0-301F-11D3-BF4B-00C04F79EFBC}") = "4-1-7", "4-1-7\4-1-7.csproj", "{85A35004-04FE-41B3-BCAB-C0A26B228D2B}"
EndProject
Project("{FAE04EC0-301F-11D3-BF4B-00C04F79EFBC}") = "4-1-8", "4-1-8\4-1-8.csproj", "{DFA76AC3-7B7D-419A-B598-A5AAE72D3079}"
EndProject
Project("{FAE04EC0-301F-11D3-BF4B-00C04F79EFBC}") = "4-1-9", "4-1-9\4-1-9.csproj", "{1B13FFDE-CDD4-4A0A-AED8-512954D4FBAF}"
EndProject
Project("{FAE04EC0-301F-11D3-BF4B-00C04F79EFBC}") = "4-1-10", "4-1-10\4-1-10.csproj", "{397ABB98-A089-4B2E-9274-EF07A9D5FF46}"
EndProject
Project("{FAE04EC0-301F-11D3-BF4B-00C04F79EFBC}") = "4-1-11", "4-1-11\4-1-11.csproj", "{601131D9-97AD-4090-8C6D-6B683C060EC2}"
EndProject
Project("{FAE04EC0-301F-11D3-BF4B-00C04F79EFBC}") = "4-1-12", "4-1-12\4-1-12.csproj", "{9799288F-5D07-4514-BD47-9C561D16345F}"
EndProject
Project("{FAE04EC0-301F-11D3-BF4B-00C04F79EFBC}") = "4-1-13", "4-1-13\4-1-13.csproj", "{A4A35D3A-29F3-4F10-8306-BAEFAC96C056}"
EndProject
Project("{FAE04EC0-301F-11D3-BF4B-00C04F79EFBC}") = "4-1-14", "WindowsFormsApp1\4-1-14.csproj", "{93647157-6D3D-400D-AE1D-B08851903C66}"
EndProject
Global
	GlobalSection(SolutionConfigurationPlatforms) = preSolution
		Debug|Any CPU = Debug|Any CPU
		Release|Any CPU = Release|Any CPU
	EndGlobalSection
	GlobalSection(ProjectConfigurationPlatforms) = postSolution
		{B262E1CB-3606-4159-95C9-DBE2BC831F2E}.Debug|Any CPU.ActiveCfg = Debug|Any CPU
		{B262E1CB-3606-4159-95C9-DBE2BC831F2E}.Debug|Any CPU.Build.0 = Debug|Any CPU
		{B262E1CB-3606-4159-95C9-DBE2BC831F2E}.Release|Any CPU.ActiveCfg = Release|Any CPU
		{B262E1CB-3606-4159-95C9-DBE2BC831F2E}.Release|Any CPU.Build.0 = Release|Any CPU
		{7E84F937-487E-4063-875B-95D25DC49878}.Debug|Any CPU.ActiveCfg = Debug|Any CPU
		{7E84F937-487E-4063-875B-95D25DC49878}.Debug|Any CPU.Build.0 = Debug|Any CPU
		{7E84F937-487E-4063-875B-95D25DC49878}.Release|Any CPU.ActiveCfg = Release|Any CPU
		{7E84F937-487E-4063-875B-95D25DC49878}.Release|Any CPU.Build.0 = Release|Any CPU
		{AC87B64B-E5D5-4E8A-A1B4-1C9E945D2D1E}.Debug|Any CPU.ActiveCfg = Debug|Any CPU
		{AC87B64B-E5D5-4E8A-A1B4-1C9E945D2D1E}.Debug|Any CPU.Build.0 = Debug|Any CPU
		{AC87B64B-E5D5-4E8A-A1B4-1C9E945D2D1E}.Release|Any CPU.ActiveCfg = Release|Any CPU
		{AC87B64B-E5D5-4E8A-A1B4-1C9E945D2D1E}.Release|Any CPU.Build.0 = Release|Any CPU
		{BCDFE2EC-96E7-4D54-8DD1-790C07BC50C8}.Debug|Any CPU.ActiveCfg = Debug|Any CPU
		{BCDFE2EC-96E7-4D54-8DD1-790C07BC50C8}.Debug|Any CPU.Build.0 = Debug|Any CPU
		{BCDFE2EC-96E7-4D54-8DD1-790C07BC50C8}.Release|Any CPU.ActiveCfg = Release|Any CPU
		{BCDFE2EC-96E7-4D54-8DD1-790C07BC50C8}.Release|Any CPU.Build.0 = Release|Any CPU
		{E4B17DC9-BC0E-421F-A5BE-77E0CF0DDCF5}.Debug|Any CPU.ActiveCfg = Debug|Any CPU
		{E4B17DC9-BC0E-421F-A5BE-77E0CF0DDCF5}.Debug|Any CPU.Build.0 = Debug|Any CPU
		{E4B17DC9-BC0E-421F-A5BE-77E0CF0DDCF5}.Release|Any CPU.ActiveCfg = Release|Any CPU
		{E4B17DC9-BC0E-421F-A5BE-77E0CF0DDCF5}.Release|Any CPU.Build.0 = Release|Any CPU
		{FB58DE10-98ED-45AC-9EDF-88443F271C77}.Debug|Any CPU.ActiveCfg = Debug|Any CPU
		{FB58DE10-98ED-45AC-9EDF-88443F271C77}.Debug|Any CPU.Build.0 = Debug|Any CPU
		{FB58DE10-98ED-45AC-9EDF-88443F271C77}.Release|Any CPU.ActiveCfg = Release|Any CPU
		{FB58DE10-98ED-45AC-9EDF-88443F271C77}.Release|Any CPU.Build.0 = Release|Any CPU
		{85A35004-04FE-41B3-BCAB-C0A26B228D2B}.Debug|Any CPU.ActiveCfg = Debug|Any CPU
		{85A35004-04FE-41B3-BCAB-C0A26B228D2B}.Debug|Any CPU.Build.0 = Debug|Any CPU
		{85A35004-04FE-41B3-BCAB-C0A26B228D2B}.Release|Any CPU.ActiveCfg = Release|Any CPU
		{85A35004-04FE-41B3-BCAB-C0A26B228D2B}.Release|Any CPU.Build.0 = Release|Any CPU
		{DFA76AC3-7B7D-419A-B598-A5AAE72D3079}.Debug|Any CPU.ActiveCfg = Debug|Any CPU
		{DFA76AC3-7B7D-419A-B598-A5AAE72D3079}.Debug|Any CPU.Build.0 = Debug|Any CPU
		{DFA76AC3-7B7D-419A-B598-A5AAE72D3079}.Release|Any CPU.ActiveCfg = Release|Any CPU
		{DFA76AC3-7B7D-419A-B598-A5AAE72D3079}.Release|Any CPU.Build.0 = Release|Any CPU
		{1B13FFDE-CDD4-4A0A-AED8-512954D4FBAF}.Debug|Any CPU.ActiveCfg = Debug|Any CPU
		{1B13FFDE-CDD4-4A0A-AED8-512954D4FBAF}.Debug|Any CPU.Build.0 = Debug|Any CPU
		{1B13FFDE-CDD4-4A0A-AED8-512954D4FBAF}.Release|Any CPU.ActiveCfg = Release|Any CPU
		{1B13FFDE-CDD4-4A0A-AED8-512954D4FBAF}.Release|Any CPU.Build.0 = Release|Any CPU
		{397ABB98-A089-4B2E-9274-EF07A9D5FF46}.Debug|Any CPU.ActiveCfg = Debug|Any CPU
		{397ABB98-A089-4B2E-9274-EF07A9D5FF46}.Debug|Any CPU.Build.0 = Debug|Any CPU
		{397ABB98-A089-4B2E-9274-EF07A9D5FF46}.Release|Any CPU.ActiveCfg = Release|Any CPU
		{397ABB98-A089-4B2E-9274-EF07A9D5FF46}.Release|Any CPU.Build.0 = Release|Any CPU
		{601131D9-97AD-4090-8C6D-6B683C060EC2}.Debug|Any CPU.ActiveCfg = Debug|Any CPU
		{601131D9-97AD-4090-8C6D-6B683C060EC2}.Debug|Any CPU.Build.0 = Debug|Any CPU
		{601131D9-97AD-4090-8C6D-6B683C060EC2}.Release|Any CPU.ActiveCfg = Release|Any CPU
		{601131D9-97AD-4090-8C6D-6B683C060EC2}.Release|Any CPU.Build.0 = Release|Any CPU
		{9799288F-5D07-4514-BD47-9C561D16345F}.Debug|Any CPU.ActiveCfg = Debug|Any CPU
		{9799288F-5D07-4514-BD47-9C561D16345F}.Debug|Any CPU.Build.0 = Debug|Any CPU
		{9799288F-5D07-4514-BD47-9C561D16345F}.Release|Any CPU.ActiveCfg = Release|Any CPU
		{9799288F-5D07-4514-BD47-9C561D16345F}.Release|Any CPU.Build.0 = Release|Any CPU
		{A4A35D3A-29F3-4F10-8306-BAEFAC96C056}.Debug|Any CPU.ActiveCfg = Debug|Any CPU
		{A4A35D3A-29F3-4F10-8306-BAEFAC96C056}.Debug|Any CPU.Build.0 = Debug|Any CPU
		{A4A35D3A-29F3-4F10-8306-BAEFAC96C056}.Release|Any CPU.ActiveCfg = Release|Any CPU
		{A4A35D3A-29F3-4F10-8306-BAEFAC96C056}.Release|Any CPU.Build.0 = Release|Any CPU
		{93647157-6D3D-400D-AE1D-B08851903C66}.Debug|Any CPU.ActiveCfg = Debug|Any CPU
		{93647157-6D3D-400D-AE1D-B08851903C66}.Debug|Any CPU.Build.0 = Debug|Any CPU
		{93647157-6D3D-400D-AE1D-B08851903C66}.Release|Any CPU.ActiveCfg = Release|Any CPU
		{93647157-6D3D-400D-AE1D-B08851903C66}.Release|Any CPU.Build.0 = Release|Any CPU
	EndGlobalSection
	GlobalSection(SolutionProperties) = preSolution
		HideSolutionNode = FALSE
	EndGlobalSection
	GlobalSection(ExtensibilityGlobals) = postSolution
		SolutionGuid = {ACB06A9F-5430-403F-A41E-9D78E2D50076}
	EndGlobalSection
EndGlobal
